// !$*UTF8*$!
{
	archiveVersion = 1;
	classes = {
	};
	objectVersion = 56;
	objects = {

/* Begin PBXBuildFile section */
		1E49972C0322F77431CBD725 /* Pods_Tailored.framework in Frameworks */ = {isa = PBXBuildFile; fileRef = E187D77E4CBA46EB18407D88 /* Pods_Tailored.framework */; };
		212C96B40B78B0A626DB8603 /* Pods_Tailored_TailoredUITests.framework in Frameworks */ = {isa = PBXBuildFile; fileRef = BC49751FE2BD425B090D8346 /* Pods_Tailored_TailoredUITests.framework */; };
		9EFC13EF6E570690FB4C6FC9 /* Pods_TailoredTests.framework in Frameworks */ = {isa = PBXBuildFile; fileRef = DA032119818BD039592836F7 /* Pods_TailoredTests.framework */; };
		BDA2A89429BCAE3C007870A3 /* CircleView.swift in Sources */ = {isa = PBXBuildFile; fileRef = BDA2A89329BCAE3C007870A3 /* CircleView.swift */; };
		BDA2A89629BCB0F7007870A3 /* DetailsSection.swift in Sources */ = {isa = PBXBuildFile; fileRef = BDA2A89529BCB0F7007870A3 /* DetailsSection.swift */; };
		BDA2A89829BD3580007870A3 /* EmptyView.swift in Sources */ = {isa = PBXBuildFile; fileRef = BDA2A89729BD3580007870A3 /* EmptyView.swift */; };
		BDB852E02997C4AC00E82E34 /* DashboardButtons.swift in Sources */ = {isa = PBXBuildFile; fileRef = BDB852DF2997C4AC00E82E34 /* DashboardButtons.swift */; };
		BDB852E4299912FE00E82E34 /* LoginView.swift in Sources */ = {isa = PBXBuildFile; fileRef = BDB852E3299912FE00E82E34 /* LoginView.swift */; };
		BDB852E62999147000E82E34 /* InputPasswordFieldView.swift in Sources */ = {isa = PBXBuildFile; fileRef = BDB852E52999147000E82E34 /* InputPasswordFieldView.swift */; };
		BDB852E829998C5B00E82E34 /* CloseModifier.swift in Sources */ = {isa = PBXBuildFile; fileRef = BDB852E729998C5A00E82E34 /* CloseModifier.swift */; };
		BDB852EC29999CB000E82E34 /* RegisterView.swift in Sources */ = {isa = PBXBuildFile; fileRef = BDB852EB29999CB000E82E34 /* RegisterView.swift */; };
		BDB852F029999FA400E82E34 /* ForgotPasswordView.swift in Sources */ = {isa = PBXBuildFile; fileRef = BDB852EF29999FA400E82E34 /* ForgotPasswordView.swift */; };
		BDB852F32999CC6C00E82E34 /* RegistrationDetails.swift in Sources */ = {isa = PBXBuildFile; fileRef = BDB852F22999CC6C00E82E34 /* RegistrationDetails.swift */; };
		BDB852F62999CD1200E82E34 /* RegistrationService.swift in Sources */ = {isa = PBXBuildFile; fileRef = BDB852F52999CD1200E82E34 /* RegistrationService.swift */; };
		BDB852F9299AE38C00E82E34 /* RegistrationViewModel.swift in Sources */ = {isa = PBXBuildFile; fileRef = BDB852F8299AE38C00E82E34 /* RegistrationViewModel.swift */; };
		BDB852FD299BB53900E82E34 /* SessionUserDetails.swift in Sources */ = {isa = PBXBuildFile; fileRef = BDB852FC299BB53800E82E34 /* SessionUserDetails.swift */; };
		BDB85300299BB5D200E82E34 /* SessionService.swift in Sources */ = {isa = PBXBuildFile; fileRef = BDB852FF299BB5D200E82E34 /* SessionService.swift */; };
		BDB85303299D02F100E82E34 /* LoginCredentials.swift in Sources */ = {isa = PBXBuildFile; fileRef = BDB85302299D02F100E82E34 /* LoginCredentials.swift */; };
		BDB85306299D033D00E82E34 /* LoginService.swift in Sources */ = {isa = PBXBuildFile; fileRef = BDB85305299D033D00E82E34 /* LoginService.swift */; };
		BDB85309299D079B00E82E34 /* LoginViewModel.swift in Sources */ = {isa = PBXBuildFile; fileRef = BDB85308299D079B00E82E34 /* LoginViewModel.swift */; };
		BDB8530C299ED3FD00E82E34 /* ForgotPasswordService.swift in Sources */ = {isa = PBXBuildFile; fileRef = BDB8530B299ED3FD00E82E34 /* ForgotPasswordService.swift */; };
		BDB8530F299ED53800E82E34 /* ForgotPasswordViewModel.swift in Sources */ = {isa = PBXBuildFile; fileRef = BDB8530E299ED53800E82E34 /* ForgotPasswordViewModel.swift */; };
		BDBCF39329A576DD00184D51 /* BlobView.swift in Sources */ = {isa = PBXBuildFile; fileRef = BDBCF39229A576DD00184D51 /* BlobView.swift */; };
		BDBCF39529A6B6BC00184D51 /* Animations.swift in Sources */ = {isa = PBXBuildFile; fileRef = BDBCF39429A6B6BB00184D51 /* Animations.swift */; };
		BDCE714E2996B46400A16560 /* sastrerApp.swift in Sources */ = {isa = PBXBuildFile; fileRef = BDCE714D2996B46400A16560 /* sastrerApp.swift */; };
		BDCE71502996B46400A16560 /* ContentView.swift in Sources */ = {isa = PBXBuildFile; fileRef = BDCE714F2996B46400A16560 /* ContentView.swift */; };
		BDCE71522996B46600A16560 /* Assets.xcassets in Resources */ = {isa = PBXBuildFile; fileRef = BDCE71512996B46600A16560 /* Assets.xcassets */; };
		BDCE71552996B46600A16560 /* Preview Assets.xcassets in Resources */ = {isa = PBXBuildFile; fileRef = BDCE71542996B46600A16560 /* Preview Assets.xcassets */; };
		BDCE715F2996B46700A16560 /* sastrerTests.swift in Sources */ = {isa = PBXBuildFile; fileRef = BDCE715E2996B46700A16560 /* sastrerTests.swift */; };
		BDCE71692996B46700A16560 /* sastrerUITests.swift in Sources */ = {isa = PBXBuildFile; fileRef = BDCE71682996B46700A16560 /* sastrerUITests.swift */; };
		BDCE716B2996B46700A16560 /* sastrerUITestsLaunchTests.swift in Sources */ = {isa = PBXBuildFile; fileRef = BDCE716A2996B46700A16560 /* sastrerUITestsLaunchTests.swift */; };
		BDCE717A2996B51C00A16560 /* HomeView.swift in Sources */ = {isa = PBXBuildFile; fileRef = BDCE71792996B51C00A16560 /* HomeView.swift */; };
		BDCE717D2996B79A00A16560 /* SuitMeasuresViewModel.swift in Sources */ = {isa = PBXBuildFile; fileRef = BDCE717C2996B79A00A16560 /* SuitMeasuresViewModel.swift */; };
		BDCE71802996B80C00A16560 /* SuitMeasuresService.swift in Sources */ = {isa = PBXBuildFile; fileRef = BDCE717F2996B80C00A16560 /* SuitMeasuresService.swift */; };
		BDCE71832996B87D00A16560 /* AlamofireImage in Frameworks */ = {isa = PBXBuildFile; productRef = BDCE71822996B87D00A16560 /* AlamofireImage */; };
		BDCE71862996B93200A16560 /* FirebaseAnalytics in Frameworks */ = {isa = PBXBuildFile; productRef = BDCE71852996B93200A16560 /* FirebaseAnalytics */; };
		BDCE71882996B93200A16560 /* FirebaseAnalyticsOnDeviceConversion in Frameworks */ = {isa = PBXBuildFile; productRef = BDCE71872996B93200A16560 /* FirebaseAnalyticsOnDeviceConversion */; };
		BDCE718A2996B93200A16560 /* FirebaseAnalyticsSwift in Frameworks */ = {isa = PBXBuildFile; productRef = BDCE71892996B93200A16560 /* FirebaseAnalyticsSwift */; };
		BDCE718C2996B93200A16560 /* FirebaseAppCheck in Frameworks */ = {isa = PBXBuildFile; productRef = BDCE718B2996B93200A16560 /* FirebaseAppCheck */; };
		BDCE718E2996B93200A16560 /* FirebaseAuth in Frameworks */ = {isa = PBXBuildFile; productRef = BDCE718D2996B93200A16560 /* FirebaseAuth */; };
		BDCE71902996B93200A16560 /* FirebaseAuthCombine-Community in Frameworks */ = {isa = PBXBuildFile; productRef = BDCE718F2996B93200A16560 /* FirebaseAuthCombine-Community */; };
		BDCE71922996B93200A16560 /* FirebaseCrashlytics in Frameworks */ = {isa = PBXBuildFile; productRef = BDCE71912996B93200A16560 /* FirebaseCrashlytics */; };
		BDCE71942996B93200A16560 /* FirebaseDatabase in Frameworks */ = {isa = PBXBuildFile; productRef = BDCE71932996B93200A16560 /* FirebaseDatabase */; };
		BDCE71962996B93200A16560 /* FirebaseDatabaseSwift in Frameworks */ = {isa = PBXBuildFile; productRef = BDCE71952996B93200A16560 /* FirebaseDatabaseSwift */; };
		BDCE71982996B93200A16560 /* FirebaseDynamicLinks in Frameworks */ = {isa = PBXBuildFile; productRef = BDCE71972996B93200A16560 /* FirebaseDynamicLinks */; };
		BDCE719A2996B93200A16560 /* FirebaseFirestore in Frameworks */ = {isa = PBXBuildFile; productRef = BDCE71992996B93200A16560 /* FirebaseFirestore */; };
		BDCE719C2996B93200A16560 /* FirebaseFirestoreCombine-Community in Frameworks */ = {isa = PBXBuildFile; productRef = BDCE719B2996B93200A16560 /* FirebaseFirestoreCombine-Community */; };
		BDCE719E2996B93200A16560 /* FirebaseFirestoreSwift in Frameworks */ = {isa = PBXBuildFile; productRef = BDCE719D2996B93200A16560 /* FirebaseFirestoreSwift */; };
		BDCE71A02996B93200A16560 /* FirebaseFunctions in Frameworks */ = {isa = PBXBuildFile; productRef = BDCE719F2996B93200A16560 /* FirebaseFunctions */; };
		BDCE71A22996B93200A16560 /* FirebaseInAppMessagingSwift-Beta in Frameworks */ = {isa = PBXBuildFile; productRef = BDCE71A12996B93200A16560 /* FirebaseInAppMessagingSwift-Beta */; };
		BDCE71A42996B93200A16560 /* FirebaseInstallations in Frameworks */ = {isa = PBXBuildFile; productRef = BDCE71A32996B93200A16560 /* FirebaseInstallations */; };
		BDCE71A62996B93300A16560 /* FirebaseMLModelDownloader in Frameworks */ = {isa = PBXBuildFile; productRef = BDCE71A52996B93300A16560 /* FirebaseMLModelDownloader */; };
		BDCE71A82996B93300A16560 /* FirebaseMessaging in Frameworks */ = {isa = PBXBuildFile; productRef = BDCE71A72996B93300A16560 /* FirebaseMessaging */; };
		BDCE71AA2996B93300A16560 /* FirebasePerformance in Frameworks */ = {isa = PBXBuildFile; productRef = BDCE71A92996B93300A16560 /* FirebasePerformance */; };
		BDCE71AC2996B93300A16560 /* FirebaseStorage in Frameworks */ = {isa = PBXBuildFile; productRef = BDCE71AB2996B93300A16560 /* FirebaseStorage */; };
		BDCE71AE2996B93300A16560 /* FirebaseStorageCombine-Community in Frameworks */ = {isa = PBXBuildFile; productRef = BDCE71AD2996B93300A16560 /* FirebaseStorageCombine-Community */; };
		BDCE71B12996BA7000A16560 /* SuitMeasuresDetails.swift in Sources */ = {isa = PBXBuildFile; fileRef = BDCE71B02996BA7000A16560 /* SuitMeasuresDetails.swift */; };
		BDCE71B52996BB4F00A16560 /* TakeMeasuresView.swift in Sources */ = {isa = PBXBuildFile; fileRef = BDCE71B42996BB4F00A16560 /* TakeMeasuresView.swift */; };
		BDCE71B82996BBA200A16560 /* NagivationBar.swift in Sources */ = {isa = PBXBuildFile; fileRef = BDCE71B72996BBA200A16560 /* NagivationBar.swift */; };
		BDCE71BC2996BC2C00A16560 /* CustomerDetailsView.swift in Sources */ = {isa = PBXBuildFile; fileRef = BDCE71BB2996BC2C00A16560 /* CustomerDetailsView.swift */; };
		BDCE71C12996BCEC00A16560 /* CustomerCreationViewModel.swift in Sources */ = {isa = PBXBuildFile; fileRef = BDCE71C02996BCEC00A16560 /* CustomerCreationViewModel.swift */; };
		BDCE71C32996BD4900A16560 /* CustomerInfoService.swift in Sources */ = {isa = PBXBuildFile; fileRef = BDCE71C22996BD4900A16560 /* CustomerInfoService.swift */; };
		BDCE71C52996BD7E00A16560 /* CustomersMeasurementsAndDetails.swift in Sources */ = {isa = PBXBuildFile; fileRef = BDCE71C42996BD7E00A16560 /* CustomersMeasurementsAndDetails.swift */; };
		BDCE71CA2996BEEB00A16560 /* InputTextFieldView.swift in Sources */ = {isa = PBXBuildFile; fileRef = BDCE71C92996BEEB00A16560 /* InputTextFieldView.swift */; };
		BDCE71CC2996BF1000A16560 /* PreviewLayoutComponentModifier.swift in Sources */ = {isa = PBXBuildFile; fileRef = BDCE71CB2996BF1000A16560 /* PreviewLayoutComponentModifier.swift */; };
		BDCE71CE2996BF4000A16560 /* Styles.swift in Sources */ = {isa = PBXBuildFile; fileRef = BDCE71CD2996BF4000A16560 /* Styles.swift */; };
		BDCE71D02996BF5900A16560 /* PreferenceKeys.swift in Sources */ = {isa = PBXBuildFile; fileRef = BDCE71CF2996BF5900A16560 /* PreferenceKeys.swift */; };
		BDCE71D32996BFBF00A16560 /* ItemsDue.swift in Sources */ = {isa = PBXBuildFile; fileRef = BDCE71D22996BFBF00A16560 /* ItemsDue.swift */; };
		BDCE71D52996BFFB00A16560 /* ButtonView.swift in Sources */ = {isa = PBXBuildFile; fileRef = BDCE71D42996BFFB00A16560 /* ButtonView.swift */; };
		BDCE71D72996C03B00A16560 /* AnimatableFontModifier.swift in Sources */ = {isa = PBXBuildFile; fileRef = BDCE71D62996C03B00A16560 /* AnimatableFontModifier.swift */; };
		BDCE71D92996C0AE00A16560 /* theView.swift in Sources */ = {isa = PBXBuildFile; fileRef = BDCE71D82996C0AE00A16560 /* theView.swift */; };
		BDCE71DD2996C15800A16560 /* MenSuitsMeasuresView.swift in Sources */ = {isa = PBXBuildFile; fileRef = BDCE71DC2996C15800A16560 /* MenSuitsMeasuresView.swift */; };
		BDCE71DF2996C1EF00A16560 /* MensComponent.swift in Sources */ = {isa = PBXBuildFile; fileRef = BDCE71DE2996C1EF00A16560 /* MensComponent.swift */; };
		BDCE71E12996E1C700A16560 /* GoogleService-Info.plist in Resources */ = {isa = PBXBuildFile; fileRef = BDCE71E02996E1C600A16560 /* GoogleService-Info.plist */; };
		BDCE71E22996E1C700A16560 /* GoogleService-Info.plist in Resources */ = {isa = PBXBuildFile; fileRef = BDCE71E02996E1C600A16560 /* GoogleService-Info.plist */; };
		BDCE71E32996E1C700A16560 /* GoogleService-Info.plist in Resources */ = {isa = PBXBuildFile; fileRef = BDCE71E02996E1C600A16560 /* GoogleService-Info.plist */; };
		BDCE71E62996E6FE00A16560 /* TabBar.swift in Sources */ = {isa = PBXBuildFile; fileRef = BDCE71E52996E6FE00A16560 /* TabBar.swift */; };
		BDCE71EA2996E7CA00A16560 /* ProfileView.swift in Sources */ = {isa = PBXBuildFile; fileRef = BDCE71E92996E7CA00A16560 /* ProfileView.swift */; };
		BDCE71EC2996EADA00A16560 /* Tab.swift in Sources */ = {isa = PBXBuildFile; fileRef = BDCE71EB2996EADA00A16560 /* Tab.swift */; };
		BDD15A0F29A9448900171A44 /* Model.swift in Sources */ = {isa = PBXBuildFile; fileRef = BDD15A0E29A9448900171A44 /* Model.swift */; };
		BDD15A1129A9638E00171A44 /* SearchView.swift in Sources */ = {isa = PBXBuildFile; fileRef = BDD15A1029A9638E00171A44 /* SearchView.swift */; };
		BDD15A1529AEA91E00171A44 /* CustomersMeasuresList.swift in Sources */ = {isa = PBXBuildFile; fileRef = BDD15A1429AEA91E00171A44 /* CustomersMeasuresList.swift */; };
		BDD15A1929AF77E400171A44 /* ToDoView.swift in Sources */ = {isa = PBXBuildFile; fileRef = BDD15A1829AF77E400171A44 /* ToDoView.swift */; };
		BDD15A1D29AF784D00171A44 /* CalendarItemView.swift in Sources */ = {isa = PBXBuildFile; fileRef = BDD15A1C29AF784D00171A44 /* CalendarItemView.swift */; };
		BDD15A1F29AF790900171A44 /* DashboardSearchSugestion.swift in Sources */ = {isa = PBXBuildFile; fileRef = BDD15A1E29AF790900171A44 /* DashboardSearchSugestion.swift */; };
		BDD15A2429B29BE500171A44 /* LaunchScreenView.swift in Sources */ = {isa = PBXBuildFile; fileRef = BDD15A2329B29BE500171A44 /* LaunchScreenView.swift */; };
		BDD15A2629B2A35100171A44 /* LaunchScreenManager.swift in Sources */ = {isa = PBXBuildFile; fileRef = BDD15A2529B2A35100171A44 /* LaunchScreenManager.swift */; };
		BDD15A2A29B36CC600171A44 /* TailoredDataViewModel.swift in Sources */ = {isa = PBXBuildFile; fileRef = BDD15A2929B36CC600171A44 /* TailoredDataViewModel.swift */; };
		BDD15A2D29B3FF6200171A44 /* ClientDataList.swift in Sources */ = {isa = PBXBuildFile; fileRef = BDD15A2C29B3FF6200171A44 /* ClientDataList.swift */; };
		BDD15A3229B8AEFE00171A44 /* TestFile.swift in Sources */ = {isa = PBXBuildFile; fileRef = BDD15A3129B8AEFE00171A44 /* TestFile.swift */; };
		BDD15A3529BA8B7800171A44 /* ItemsDueListView.swift in Sources */ = {isa = PBXBuildFile; fileRef = BDD15A3429BA8B7800171A44 /* ItemsDueListView.swift */; };
		BDD15A3729BAE86100171A44 /* AltLoginView.swift in Sources */ = {isa = PBXBuildFile; fileRef = BDD15A3629BAE86100171A44 /* AltLoginView.swift */; };
		BDD15A3929BAE8B600171A44 /* AltSignUpView.swift in Sources */ = {isa = PBXBuildFile; fileRef = BDD15A3829BAE8B600171A44 /* AltSignUpView.swift */; };
		BDD15A3B29BAECC000171A44 /* AngularButtonStyle.swift in Sources */ = {isa = PBXBuildFile; fileRef = BDD15A3A29BAECC000171A44 /* AngularButtonStyle.swift */; };
		BDD15A3D29BAFA4A00171A44 /* InputStyle.swift in Sources */ = {isa = PBXBuildFile; fileRef = BDD15A3C29BAFA4900171A44 /* InputStyle.swift */; };
		BDD15A4029BB071500171A44 /* ModalView.swift in Sources */ = {isa = PBXBuildFile; fileRef = BDD15A3F29BB071500171A44 /* ModalView.swift */; };
		BDD15A4229BB54BA00171A44 /* +View.swift in Sources */ = {isa = PBXBuildFile; fileRef = BDD15A4129BB54BA00171A44 /* +View.swift */; };
/* End PBXBuildFile section */

/* Begin PBXContainerItemProxy section */
		BDCE715B2996B46700A16560 /* PBXContainerItemProxy */ = {
			isa = PBXContainerItemProxy;
			containerPortal = BDCE71422996B46400A16560 /* Project object */;
			proxyType = 1;
			remoteGlobalIDString = BDCE71492996B46400A16560;
			remoteInfo = sastrer;
		};
		BDCE71652996B46700A16560 /* PBXContainerItemProxy */ = {
			isa = PBXContainerItemProxy;
			containerPortal = BDCE71422996B46400A16560 /* Project object */;
			proxyType = 1;
			remoteGlobalIDString = BDCE71492996B46400A16560;
			remoteInfo = sastrer;
		};
/* End PBXContainerItemProxy section */

/* Begin PBXFileReference section */
		2DAB4E036419DF06FA479B38 /* Pods-TailoredTests.release.xcconfig */ = {isa = PBXFileReference; includeInIndex = 1; lastKnownFileType = text.xcconfig; name = "Pods-TailoredTests.release.xcconfig"; path = "Target Support Files/Pods-TailoredTests/Pods-TailoredTests.release.xcconfig"; sourceTree = "<group>"; };
		3D850CE3B50703EF20492F92 /* Pods-Tailored.release.xcconfig */ = {isa = PBXFileReference; includeInIndex = 1; lastKnownFileType = text.xcconfig; name = "Pods-Tailored.release.xcconfig"; path = "Target Support Files/Pods-Tailored/Pods-Tailored.release.xcconfig"; sourceTree = "<group>"; };
		5F59C0B94450545C185DC9E1 /* Pods-Tailored-TailoredUITests.debug.xcconfig */ = {isa = PBXFileReference; includeInIndex = 1; lastKnownFileType = text.xcconfig; name = "Pods-Tailored-TailoredUITests.debug.xcconfig"; path = "Target Support Files/Pods-Tailored-TailoredUITests/Pods-Tailored-TailoredUITests.debug.xcconfig"; sourceTree = "<group>"; };
		71ED193BB6FE1CFCF71B617E /* Pods-TailoredTests.debug.xcconfig */ = {isa = PBXFileReference; includeInIndex = 1; lastKnownFileType = text.xcconfig; name = "Pods-TailoredTests.debug.xcconfig"; path = "Target Support Files/Pods-TailoredTests/Pods-TailoredTests.debug.xcconfig"; sourceTree = "<group>"; };
		81730B2CB1D9DFF780A40086 /* Pods-Tailored.debug.xcconfig */ = {isa = PBXFileReference; includeInIndex = 1; lastKnownFileType = text.xcconfig; name = "Pods-Tailored.debug.xcconfig"; path = "Target Support Files/Pods-Tailored/Pods-Tailored.debug.xcconfig"; sourceTree = "<group>"; };
		BC49751FE2BD425B090D8346 /* Pods_Tailored_TailoredUITests.framework */ = {isa = PBXFileReference; explicitFileType = wrapper.framework; includeInIndex = 0; path = Pods_Tailored_TailoredUITests.framework; sourceTree = BUILT_PRODUCTS_DIR; };
		BDA2A89329BCAE3C007870A3 /* CircleView.swift */ = {isa = PBXFileReference; lastKnownFileType = sourcecode.swift; path = CircleView.swift; sourceTree = "<group>"; };
		BDA2A89529BCB0F7007870A3 /* DetailsSection.swift */ = {isa = PBXFileReference; lastKnownFileType = sourcecode.swift; path = DetailsSection.swift; sourceTree = "<group>"; };
		BDA2A89729BD3580007870A3 /* EmptyView.swift */ = {isa = PBXFileReference; lastKnownFileType = sourcecode.swift; path = EmptyView.swift; sourceTree = "<group>"; };
		BDB852DF2997C4AC00E82E34 /* DashboardButtons.swift */ = {isa = PBXFileReference; lastKnownFileType = sourcecode.swift; path = DashboardButtons.swift; sourceTree = "<group>"; };
		BDB852E3299912FE00E82E34 /* LoginView.swift */ = {isa = PBXFileReference; lastKnownFileType = sourcecode.swift; path = LoginView.swift; sourceTree = "<group>"; };
		BDB852E52999147000E82E34 /* InputPasswordFieldView.swift */ = {isa = PBXFileReference; lastKnownFileType = sourcecode.swift; path = InputPasswordFieldView.swift; sourceTree = "<group>"; };
		BDB852E729998C5A00E82E34 /* CloseModifier.swift */ = {isa = PBXFileReference; lastKnownFileType = sourcecode.swift; path = CloseModifier.swift; sourceTree = "<group>"; };
		BDB852EB29999CB000E82E34 /* RegisterView.swift */ = {isa = PBXFileReference; lastKnownFileType = sourcecode.swift; path = RegisterView.swift; sourceTree = "<group>"; };
		BDB852EF29999FA400E82E34 /* ForgotPasswordView.swift */ = {isa = PBXFileReference; lastKnownFileType = sourcecode.swift; path = ForgotPasswordView.swift; sourceTree = "<group>"; };
		BDB852F22999CC6C00E82E34 /* RegistrationDetails.swift */ = {isa = PBXFileReference; lastKnownFileType = sourcecode.swift; path = RegistrationDetails.swift; sourceTree = "<group>"; };
		BDB852F52999CD1200E82E34 /* RegistrationService.swift */ = {isa = PBXFileReference; lastKnownFileType = sourcecode.swift; path = RegistrationService.swift; sourceTree = "<group>"; };
		BDB852F8299AE38C00E82E34 /* RegistrationViewModel.swift */ = {isa = PBXFileReference; lastKnownFileType = sourcecode.swift; path = RegistrationViewModel.swift; sourceTree = "<group>"; };
		BDB852FC299BB53800E82E34 /* SessionUserDetails.swift */ = {isa = PBXFileReference; lastKnownFileType = sourcecode.swift; path = SessionUserDetails.swift; sourceTree = "<group>"; };
		BDB852FF299BB5D200E82E34 /* SessionService.swift */ = {isa = PBXFileReference; lastKnownFileType = sourcecode.swift; path = SessionService.swift; sourceTree = "<group>"; };
		BDB85302299D02F100E82E34 /* LoginCredentials.swift */ = {isa = PBXFileReference; lastKnownFileType = sourcecode.swift; path = LoginCredentials.swift; sourceTree = "<group>"; };
		BDB85305299D033D00E82E34 /* LoginService.swift */ = {isa = PBXFileReference; lastKnownFileType = sourcecode.swift; path = LoginService.swift; sourceTree = "<group>"; };
		BDB85308299D079B00E82E34 /* LoginViewModel.swift */ = {isa = PBXFileReference; lastKnownFileType = sourcecode.swift; path = LoginViewModel.swift; sourceTree = "<group>"; };
		BDB8530B299ED3FD00E82E34 /* ForgotPasswordService.swift */ = {isa = PBXFileReference; lastKnownFileType = sourcecode.swift; path = ForgotPasswordService.swift; sourceTree = "<group>"; };
		BDB8530E299ED53800E82E34 /* ForgotPasswordViewModel.swift */ = {isa = PBXFileReference; lastKnownFileType = sourcecode.swift; path = ForgotPasswordViewModel.swift; sourceTree = "<group>"; };
		BDBCF39229A576DD00184D51 /* BlobView.swift */ = {isa = PBXFileReference; lastKnownFileType = sourcecode.swift; path = BlobView.swift; sourceTree = "<group>"; };
		BDBCF39429A6B6BB00184D51 /* Animations.swift */ = {isa = PBXFileReference; lastKnownFileType = sourcecode.swift; path = Animations.swift; sourceTree = "<group>"; };
		BDCE714A2996B46400A16560 /* Tailored.app */ = {isa = PBXFileReference; explicitFileType = wrapper.application; includeInIndex = 0; path = Tailored.app; sourceTree = BUILT_PRODUCTS_DIR; };
		BDCE714D2996B46400A16560 /* sastrerApp.swift */ = {isa = PBXFileReference; lastKnownFileType = sourcecode.swift; path = sastrerApp.swift; sourceTree = "<group>"; };
		BDCE714F2996B46400A16560 /* ContentView.swift */ = {isa = PBXFileReference; lastKnownFileType = sourcecode.swift; path = ContentView.swift; sourceTree = "<group>"; };
		BDCE71512996B46600A16560 /* Assets.xcassets */ = {isa = PBXFileReference; lastKnownFileType = folder.assetcatalog; path = Assets.xcassets; sourceTree = "<group>"; };
		BDCE71542996B46600A16560 /* Preview Assets.xcassets */ = {isa = PBXFileReference; lastKnownFileType = folder.assetcatalog; path = "Preview Assets.xcassets"; sourceTree = "<group>"; };
		BDCE715A2996B46700A16560 /* TailoredTests.xctest */ = {isa = PBXFileReference; explicitFileType = wrapper.cfbundle; includeInIndex = 0; path = TailoredTests.xctest; sourceTree = BUILT_PRODUCTS_DIR; };
		BDCE715E2996B46700A16560 /* sastrerTests.swift */ = {isa = PBXFileReference; lastKnownFileType = sourcecode.swift; path = sastrerTests.swift; sourceTree = "<group>"; };
		BDCE71642996B46700A16560 /* TailoredUITests.xctest */ = {isa = PBXFileReference; explicitFileType = wrapper.cfbundle; includeInIndex = 0; path = TailoredUITests.xctest; sourceTree = BUILT_PRODUCTS_DIR; };
		BDCE71682996B46700A16560 /* sastrerUITests.swift */ = {isa = PBXFileReference; lastKnownFileType = sourcecode.swift; path = sastrerUITests.swift; sourceTree = "<group>"; };
		BDCE716A2996B46700A16560 /* sastrerUITestsLaunchTests.swift */ = {isa = PBXFileReference; lastKnownFileType = sourcecode.swift; path = sastrerUITestsLaunchTests.swift; sourceTree = "<group>"; };
		BDCE71792996B51C00A16560 /* HomeView.swift */ = {isa = PBXFileReference; lastKnownFileType = sourcecode.swift; path = HomeView.swift; sourceTree = "<group>"; };
		BDCE717C2996B79A00A16560 /* SuitMeasuresViewModel.swift */ = {isa = PBXFileReference; lastKnownFileType = sourcecode.swift; path = SuitMeasuresViewModel.swift; sourceTree = "<group>"; };
		BDCE717F2996B80C00A16560 /* SuitMeasuresService.swift */ = {isa = PBXFileReference; lastKnownFileType = sourcecode.swift; path = SuitMeasuresService.swift; sourceTree = "<group>"; };
		BDCE71B02996BA7000A16560 /* SuitMeasuresDetails.swift */ = {isa = PBXFileReference; lastKnownFileType = sourcecode.swift; path = SuitMeasuresDetails.swift; sourceTree = "<group>"; };
		BDCE71B42996BB4F00A16560 /* TakeMeasuresView.swift */ = {isa = PBXFileReference; lastKnownFileType = sourcecode.swift; path = TakeMeasuresView.swift; sourceTree = "<group>"; };
		BDCE71B72996BBA200A16560 /* NagivationBar.swift */ = {isa = PBXFileReference; lastKnownFileType = sourcecode.swift; path = NagivationBar.swift; sourceTree = "<group>"; };
		BDCE71BB2996BC2C00A16560 /* CustomerDetailsView.swift */ = {isa = PBXFileReference; lastKnownFileType = sourcecode.swift; path = CustomerDetailsView.swift; sourceTree = "<group>"; };
		BDCE71C02996BCEC00A16560 /* CustomerCreationViewModel.swift */ = {isa = PBXFileReference; lastKnownFileType = sourcecode.swift; path = CustomerCreationViewModel.swift; sourceTree = "<group>"; };
		BDCE71C22996BD4900A16560 /* CustomerInfoService.swift */ = {isa = PBXFileReference; lastKnownFileType = sourcecode.swift; path = CustomerInfoService.swift; sourceTree = "<group>"; };
		BDCE71C42996BD7E00A16560 /* CustomersMeasurementsAndDetails.swift */ = {isa = PBXFileReference; lastKnownFileType = sourcecode.swift; path = CustomersMeasurementsAndDetails.swift; sourceTree = "<group>"; };
		BDCE71C92996BEEB00A16560 /* InputTextFieldView.swift */ = {isa = PBXFileReference; lastKnownFileType = sourcecode.swift; path = InputTextFieldView.swift; sourceTree = "<group>"; };
		BDCE71CB2996BF1000A16560 /* PreviewLayoutComponentModifier.swift */ = {isa = PBXFileReference; lastKnownFileType = sourcecode.swift; path = PreviewLayoutComponentModifier.swift; sourceTree = "<group>"; };
		BDCE71CD2996BF4000A16560 /* Styles.swift */ = {isa = PBXFileReference; lastKnownFileType = sourcecode.swift; path = Styles.swift; sourceTree = "<group>"; };
		BDCE71CF2996BF5900A16560 /* PreferenceKeys.swift */ = {isa = PBXFileReference; lastKnownFileType = sourcecode.swift; path = PreferenceKeys.swift; sourceTree = "<group>"; };
		BDCE71D22996BFBF00A16560 /* ItemsDue.swift */ = {isa = PBXFileReference; lastKnownFileType = sourcecode.swift; path = ItemsDue.swift; sourceTree = "<group>"; };
		BDCE71D42996BFFB00A16560 /* ButtonView.swift */ = {isa = PBXFileReference; lastKnownFileType = sourcecode.swift; path = ButtonView.swift; sourceTree = "<group>"; };
		BDCE71D62996C03B00A16560 /* AnimatableFontModifier.swift */ = {isa = PBXFileReference; lastKnownFileType = sourcecode.swift; path = AnimatableFontModifier.swift; sourceTree = "<group>"; };
		BDCE71D82996C0AE00A16560 /* theView.swift */ = {isa = PBXFileReference; lastKnownFileType = sourcecode.swift; path = theView.swift; sourceTree = "<group>"; };
		BDCE71DC2996C15800A16560 /* MenSuitsMeasuresView.swift */ = {isa = PBXFileReference; lastKnownFileType = sourcecode.swift; path = MenSuitsMeasuresView.swift; sourceTree = "<group>"; };
		BDCE71DE2996C1EF00A16560 /* MensComponent.swift */ = {isa = PBXFileReference; lastKnownFileType = sourcecode.swift; path = MensComponent.swift; sourceTree = "<group>"; };
		BDCE71E02996E1C600A16560 /* GoogleService-Info.plist */ = {isa = PBXFileReference; fileEncoding = 4; lastKnownFileType = text.plist.xml; path = "GoogleService-Info.plist"; sourceTree = "<group>"; };
		BDCE71E52996E6FE00A16560 /* TabBar.swift */ = {isa = PBXFileReference; lastKnownFileType = sourcecode.swift; path = TabBar.swift; sourceTree = "<group>"; };
		BDCE71E92996E7CA00A16560 /* ProfileView.swift */ = {isa = PBXFileReference; lastKnownFileType = sourcecode.swift; path = ProfileView.swift; sourceTree = "<group>"; };
		BDCE71EB2996EADA00A16560 /* Tab.swift */ = {isa = PBXFileReference; lastKnownFileType = sourcecode.swift; path = Tab.swift; sourceTree = "<group>"; };
		BDD15A0E29A9448900171A44 /* Model.swift */ = {isa = PBXFileReference; lastKnownFileType = sourcecode.swift; path = Model.swift; sourceTree = "<group>"; };
		BDD15A1029A9638E00171A44 /* SearchView.swift */ = {isa = PBXFileReference; lastKnownFileType = sourcecode.swift; path = SearchView.swift; sourceTree = "<group>"; };
		BDD15A1429AEA91E00171A44 /* CustomersMeasuresList.swift */ = {isa = PBXFileReference; lastKnownFileType = sourcecode.swift; path = CustomersMeasuresList.swift; sourceTree = "<group>"; };
		BDD15A1829AF77E400171A44 /* ToDoView.swift */ = {isa = PBXFileReference; lastKnownFileType = sourcecode.swift; path = ToDoView.swift; sourceTree = "<group>"; };
		BDD15A1C29AF784D00171A44 /* CalendarItemView.swift */ = {isa = PBXFileReference; lastKnownFileType = sourcecode.swift; path = CalendarItemView.swift; sourceTree = "<group>"; };
		BDD15A1E29AF790900171A44 /* DashboardSearchSugestion.swift */ = {isa = PBXFileReference; lastKnownFileType = sourcecode.swift; path = DashboardSearchSugestion.swift; sourceTree = "<group>"; };
		BDD15A2029B228FB00171A44 /* Tailored-Info.plist */ = {isa = PBXFileReference; lastKnownFileType = text.plist; path = "Tailored-Info.plist"; sourceTree = "<group>"; };
		BDD15A2329B29BE500171A44 /* LaunchScreenView.swift */ = {isa = PBXFileReference; lastKnownFileType = sourcecode.swift; path = LaunchScreenView.swift; sourceTree = "<group>"; };
		BDD15A2529B2A35100171A44 /* LaunchScreenManager.swift */ = {isa = PBXFileReference; lastKnownFileType = sourcecode.swift; path = LaunchScreenManager.swift; sourceTree = "<group>"; };
		BDD15A2929B36CC600171A44 /* TailoredDataViewModel.swift */ = {isa = PBXFileReference; lastKnownFileType = sourcecode.swift; path = TailoredDataViewModel.swift; sourceTree = "<group>"; };
		BDD15A2C29B3FF6200171A44 /* ClientDataList.swift */ = {isa = PBXFileReference; lastKnownFileType = sourcecode.swift; path = ClientDataList.swift; sourceTree = "<group>"; };
		BDD15A3129B8AEFE00171A44 /* TestFile.swift */ = {isa = PBXFileReference; lastKnownFileType = sourcecode.swift; path = TestFile.swift; sourceTree = "<group>"; };
		BDD15A3429BA8B7800171A44 /* ItemsDueListView.swift */ = {isa = PBXFileReference; lastKnownFileType = sourcecode.swift; path = ItemsDueListView.swift; sourceTree = "<group>"; };
		BDD15A3629BAE86100171A44 /* AltLoginView.swift */ = {isa = PBXFileReference; lastKnownFileType = sourcecode.swift; path = AltLoginView.swift; sourceTree = "<group>"; };
		BDD15A3829BAE8B600171A44 /* AltSignUpView.swift */ = {isa = PBXFileReference; lastKnownFileType = sourcecode.swift; path = AltSignUpView.swift; sourceTree = "<group>"; };
		BDD15A3A29BAECC000171A44 /* AngularButtonStyle.swift */ = {isa = PBXFileReference; lastKnownFileType = sourcecode.swift; path = AngularButtonStyle.swift; sourceTree = "<group>"; };
		BDD15A3C29BAFA4900171A44 /* InputStyle.swift */ = {isa = PBXFileReference; lastKnownFileType = sourcecode.swift; path = InputStyle.swift; sourceTree = "<group>"; };
		BDD15A3F29BB071500171A44 /* ModalView.swift */ = {isa = PBXFileReference; lastKnownFileType = sourcecode.swift; path = ModalView.swift; sourceTree = "<group>"; };
		BDD15A4129BB54BA00171A44 /* +View.swift */ = {isa = PBXFileReference; lastKnownFileType = sourcecode.swift; path = "+View.swift"; sourceTree = "<group>"; };
		D5E1AF77715032EF012428A5 /* Pods-Tailored-TailoredUITests.release.xcconfig */ = {isa = PBXFileReference; includeInIndex = 1; lastKnownFileType = text.xcconfig; name = "Pods-Tailored-TailoredUITests.release.xcconfig"; path = "Target Support Files/Pods-Tailored-TailoredUITests/Pods-Tailored-TailoredUITests.release.xcconfig"; sourceTree = "<group>"; };
		DA032119818BD039592836F7 /* Pods_TailoredTests.framework */ = {isa = PBXFileReference; explicitFileType = wrapper.framework; includeInIndex = 0; path = Pods_TailoredTests.framework; sourceTree = BUILT_PRODUCTS_DIR; };
		E187D77E4CBA46EB18407D88 /* Pods_Tailored.framework */ = {isa = PBXFileReference; explicitFileType = wrapper.framework; includeInIndex = 0; path = Pods_Tailored.framework; sourceTree = BUILT_PRODUCTS_DIR; };
/* End PBXFileReference section */

/* Begin PBXFrameworksBuildPhase section */
		BDCE71472996B46400A16560 /* Frameworks */ = {
			isa = PBXFrameworksBuildPhase;
			buildActionMask = 2147483647;
			files = (
				BDCE71AE2996B93300A16560 /* FirebaseStorageCombine-Community in Frameworks */,
				BDCE719C2996B93200A16560 /* FirebaseFirestoreCombine-Community in Frameworks */,
				BDCE71962996B93200A16560 /* FirebaseDatabaseSwift in Frameworks */,
				BDCE71AA2996B93300A16560 /* FirebasePerformance in Frameworks */,
				BDCE71982996B93200A16560 /* FirebaseDynamicLinks in Frameworks */,
				BDCE719E2996B93200A16560 /* FirebaseFirestoreSwift in Frameworks */,
				BDCE718A2996B93200A16560 /* FirebaseAnalyticsSwift in Frameworks */,
				BDCE718E2996B93200A16560 /* FirebaseAuth in Frameworks */,
				BDCE71862996B93200A16560 /* FirebaseAnalytics in Frameworks */,
				BDCE719A2996B93200A16560 /* FirebaseFirestore in Frameworks */,
				BDCE71A82996B93300A16560 /* FirebaseMessaging in Frameworks */,
				BDCE71A42996B93200A16560 /* FirebaseInstallations in Frameworks */,
				BDCE71AC2996B93300A16560 /* FirebaseStorage in Frameworks */,
				BDCE71882996B93200A16560 /* FirebaseAnalyticsOnDeviceConversion in Frameworks */,
				BDCE718C2996B93200A16560 /* FirebaseAppCheck in Frameworks */,
				BDCE71A22996B93200A16560 /* FirebaseInAppMessagingSwift-Beta in Frameworks */,
				BDCE71922996B93200A16560 /* FirebaseCrashlytics in Frameworks */,
				BDCE71942996B93200A16560 /* FirebaseDatabase in Frameworks */,
				BDCE71A02996B93200A16560 /* FirebaseFunctions in Frameworks */,
				BDCE71A62996B93300A16560 /* FirebaseMLModelDownloader in Frameworks */,
				BDCE71902996B93200A16560 /* FirebaseAuthCombine-Community in Frameworks */,
				BDCE71832996B87D00A16560 /* AlamofireImage in Frameworks */,
				1E49972C0322F77431CBD725 /* Pods_Tailored.framework in Frameworks */,
			);
			runOnlyForDeploymentPostprocessing = 0;
		};
		BDCE71572996B46700A16560 /* Frameworks */ = {
			isa = PBXFrameworksBuildPhase;
			buildActionMask = 2147483647;
			files = (
				9EFC13EF6E570690FB4C6FC9 /* Pods_TailoredTests.framework in Frameworks */,
			);
			runOnlyForDeploymentPostprocessing = 0;
		};
		BDCE71612996B46700A16560 /* Frameworks */ = {
			isa = PBXFrameworksBuildPhase;
			buildActionMask = 2147483647;
			files = (
				212C96B40B78B0A626DB8603 /* Pods_Tailored_TailoredUITests.framework in Frameworks */,
			);
			runOnlyForDeploymentPostprocessing = 0;
		};
/* End PBXFrameworksBuildPhase section */

/* Begin PBXGroup section */
		3A020241727DA3C7F24366B5 /* Pods */ = {
			isa = PBXGroup;
			children = (
				81730B2CB1D9DFF780A40086 /* Pods-Tailored.debug.xcconfig */,
				3D850CE3B50703EF20492F92 /* Pods-Tailored.release.xcconfig */,
				5F59C0B94450545C185DC9E1 /* Pods-Tailored-TailoredUITests.debug.xcconfig */,
				D5E1AF77715032EF012428A5 /* Pods-Tailored-TailoredUITests.release.xcconfig */,
				71ED193BB6FE1CFCF71B617E /* Pods-TailoredTests.debug.xcconfig */,
				2DAB4E036419DF06FA479B38 /* Pods-TailoredTests.release.xcconfig */,
			);
			path = Pods;
			sourceTree = "<group>";
		};
		BA688192B49609A7BA42B082 /* Frameworks */ = {
			isa = PBXGroup;
			children = (
				E187D77E4CBA46EB18407D88 /* Pods_Tailored.framework */,
				BC49751FE2BD425B090D8346 /* Pods_Tailored_TailoredUITests.framework */,
				DA032119818BD039592836F7 /* Pods_TailoredTests.framework */,
			);
			name = Frameworks;
			sourceTree = "<group>";
		};
		BDB852DD2997C2E200E82E34 /* Views */ = {
			isa = PBXGroup;
			children = (
				BDD15A3329BA8B4700171A44 /* ItemsDueList */,
				BDD15A1A29AF781C00171A44 /* Calendar */,
				BDD15A1629AF77BE00171A44 /* To-Dos */,
				BDD15A1229AEA8EC00171A44 /* MeasuresList */,
				BDB852ED29999F8500E82E34 /* ForgotPwView */,
				BDB852E929999C7A00E82E34 /* Register */,
				BDB852E1299912C100E82E34 /* Login */,
				BDCE71772996B4C300A16560 /* dashboard */,
				BDCE71B92996BC0700A16560 /* Customers */,
				BDCE71D12996BF9E00A16560 /* ViewComponents */,
				BDCE71E72996E7AD00A16560 /* Profile */,
			);
			path = Views;
			sourceTree = "<group>";
		};
		BDB852DE2997C32B00E82E34 /* topBar */ = {
			isa = PBXGroup;
			children = (
				BDCE71B72996BBA200A16560 /* NagivationBar.swift */,
			);
			path = topBar;
			sourceTree = "<group>";
		};
		BDB852E1299912C100E82E34 /* Login */ = {
			isa = PBXGroup;
			children = (
				BDB85307299D077700E82E34 /* ViewModel */,
				BDB85304299D032700E82E34 /* Service */,
				BDB85301299D02A800E82E34 /* Model */,
				BDB852E2299912D400E82E34 /* View */,
			);
			path = Login;
			sourceTree = "<group>";
		};
		BDB852E2299912D400E82E34 /* View */ = {
			isa = PBXGroup;
			children = (
				BDB852E3299912FE00E82E34 /* LoginView.swift */,
				BDD15A3629BAE86100171A44 /* AltLoginView.swift */,
			);
			path = View;
			sourceTree = "<group>";
		};
		BDB852E929999C7A00E82E34 /* Register */ = {
			isa = PBXGroup;
			children = (
				BDB852F7299AE37200E82E34 /* ViewModel */,
				BDB852F42999CCE800E82E34 /* Service */,
				BDB852F12999CC4E00E82E34 /* Model */,
				BDB852EA29999C8100E82E34 /* Views */,
			);
			path = Register;
			sourceTree = "<group>";
		};
		BDB852EA29999C8100E82E34 /* Views */ = {
			isa = PBXGroup;
			children = (
				BDB852EB29999CB000E82E34 /* RegisterView.swift */,
				BDD15A3829BAE8B600171A44 /* AltSignUpView.swift */,
			);
			path = Views;
			sourceTree = "<group>";
		};
		BDB852ED29999F8500E82E34 /* ForgotPwView */ = {
			isa = PBXGroup;
			children = (
				BDB8530D299ED52000E82E34 /* ViewModel */,
				BDB8530A299ED3C600E82E34 /* Service */,
				BDB852EE29999F9300E82E34 /* view */,
			);
			path = ForgotPwView;
			sourceTree = "<group>";
		};
		BDB852EE29999F9300E82E34 /* view */ = {
			isa = PBXGroup;
			children = (
				BDB852EF29999FA400E82E34 /* ForgotPasswordView.swift */,
			);
			path = view;
			sourceTree = "<group>";
		};
		BDB852F12999CC4E00E82E34 /* Model */ = {
			isa = PBXGroup;
			children = (
				BDB852F22999CC6C00E82E34 /* RegistrationDetails.swift */,
			);
			path = Model;
			sourceTree = "<group>";
		};
		BDB852F42999CCE800E82E34 /* Service */ = {
			isa = PBXGroup;
			children = (
				BDB852F52999CD1200E82E34 /* RegistrationService.swift */,
			);
			path = Service;
			sourceTree = "<group>";
		};
		BDB852F7299AE37200E82E34 /* ViewModel */ = {
			isa = PBXGroup;
			children = (
				BDB852F8299AE38C00E82E34 /* RegistrationViewModel.swift */,
			);
			path = ViewModel;
			sourceTree = "<group>";
		};
		BDB852FA299BB4FE00E82E34 /* Session */ = {
			isa = PBXGroup;
			children = (
				BDB852FE299BB5BD00E82E34 /* Service */,
				BDB852FB299BB50C00E82E34 /* Model */,
			);
			path = Session;
			sourceTree = "<group>";
		};
		BDB852FB299BB50C00E82E34 /* Model */ = {
			isa = PBXGroup;
			children = (
				BDB852FC299BB53800E82E34 /* SessionUserDetails.swift */,
			);
			path = Model;
			sourceTree = "<group>";
		};
		BDB852FE299BB5BD00E82E34 /* Service */ = {
			isa = PBXGroup;
			children = (
				BDB852FF299BB5D200E82E34 /* SessionService.swift */,
			);
			path = Service;
			sourceTree = "<group>";
		};
		BDB85301299D02A800E82E34 /* Model */ = {
			isa = PBXGroup;
			children = (
				BDB85302299D02F100E82E34 /* LoginCredentials.swift */,
			);
			path = Model;
			sourceTree = "<group>";
		};
		BDB85304299D032700E82E34 /* Service */ = {
			isa = PBXGroup;
			children = (
				BDB85305299D033D00E82E34 /* LoginService.swift */,
			);
			path = Service;
			sourceTree = "<group>";
		};
		BDB85307299D077700E82E34 /* ViewModel */ = {
			isa = PBXGroup;
			children = (
				BDB85308299D079B00E82E34 /* LoginViewModel.swift */,
			);
			path = ViewModel;
			sourceTree = "<group>";
		};
		BDB8530A299ED3C600E82E34 /* Service */ = {
			isa = PBXGroup;
			children = (
				BDB8530B299ED3FD00E82E34 /* ForgotPasswordService.swift */,
			);
			path = Service;
			sourceTree = "<group>";
		};
		BDB8530D299ED52000E82E34 /* ViewModel */ = {
			isa = PBXGroup;
			children = (
				BDB8530E299ED53800E82E34 /* ForgotPasswordViewModel.swift */,
			);
			path = ViewModel;
			sourceTree = "<group>";
		};
		BDB8531029A3B7F400E82E34 /* CustomersInfo */ = {
			isa = PBXGroup;
			children = (
				BDCE71BF2996BCC900A16560 /* Model */,
				BDCE71BE2996BCBF00A16560 /* ViewModel */,
				BDCE71BD2996BC8900A16560 /* service */,
				BDCE71BA2996BC1300A16560 /* Views */,
			);
			path = CustomersInfo;
			sourceTree = "<group>";
		};
		BDCE71412996B46400A16560 = {
			isa = PBXGroup;
			children = (
				BDD15A2029B228FB00171A44 /* Tailored-Info.plist */,
				BDCE714C2996B46400A16560 /* sastrer */,
				BDCE715D2996B46700A16560 /* sastrerTests */,
				BDCE71672996B46700A16560 /* sastrerUITests */,
				BDCE714B2996B46400A16560 /* Products */,
				3A020241727DA3C7F24366B5 /* Pods */,
				BA688192B49609A7BA42B082 /* Frameworks */,
			);
			sourceTree = "<group>";
		};
		BDCE714B2996B46400A16560 /* Products */ = {
			isa = PBXGroup;
			children = (
				BDCE714A2996B46400A16560 /* Tailored.app */,
				BDCE715A2996B46700A16560 /* TailoredTests.xctest */,
				BDCE71642996B46700A16560 /* TailoredUITests.xctest */,
			);
			name = Products;
			sourceTree = "<group>";
		};
		BDCE714C2996B46400A16560 /* sastrer */ = {
			isa = PBXGroup;
			children = (
				BDD15A2129B29BBB00171A44 /* LaunchScreen */,
				BDB852FA299BB4FE00E82E34 /* Session */,
				BDB852DD2997C2E200E82E34 /* Views */,
				BDCE71B62996BB8900A16560 /* Navigation */,
				BDCE714D2996B46400A16560 /* sastrerApp.swift */,
				BDCE71512996B46600A16560 /* Assets.xcassets */,
				BDCE71E02996E1C600A16560 /* GoogleService-Info.plist */,
				BDCE71532996B46600A16560 /* Preview Content */,
			);
			path = sastrer;
			sourceTree = "<group>";
		};
		BDCE71532996B46600A16560 /* Preview Content */ = {
			isa = PBXGroup;
			children = (
				BDCE71542996B46600A16560 /* Preview Assets.xcassets */,
			);
			path = "Preview Content";
			sourceTree = "<group>";
		};
		BDCE715D2996B46700A16560 /* sastrerTests */ = {
			isa = PBXGroup;
			children = (
				BDCE715E2996B46700A16560 /* sastrerTests.swift */,
			);
			path = sastrerTests;
			sourceTree = "<group>";
		};
		BDCE71672996B46700A16560 /* sastrerUITests */ = {
			isa = PBXGroup;
			children = (
				BDCE71682996B46700A16560 /* sastrerUITests.swift */,
				BDCE716A2996B46700A16560 /* sastrerUITestsLaunchTests.swift */,
			);
			path = sastrerUITests;
			sourceTree = "<group>";
		};
		BDCE71772996B4C300A16560 /* dashboard */ = {
			isa = PBXGroup;
			children = (
				BDCE71B22996BB1D00A16560 /* DashboardButtons */,
				BDCE71782996B4DA00A16560 /* Views */,
			);
			path = dashboard;
			sourceTree = "<group>";
		};
		BDCE71782996B4DA00A16560 /* Views */ = {
			isa = PBXGroup;
			children = (
				BDCE71792996B51C00A16560 /* HomeView.swift */,
				BDCE71D82996C0AE00A16560 /* theView.swift */,
			);
			path = Views;
			sourceTree = "<group>";
		};
		BDCE717B2996B75600A16560 /* ViewModel */ = {
			isa = PBXGroup;
			children = (
				BDCE717C2996B79A00A16560 /* SuitMeasuresViewModel.swift */,
			);
			path = ViewModel;
			sourceTree = "<group>";
		};
		BDCE717E2996B7F300A16560 /* Services */ = {
			isa = PBXGroup;
			children = (
				BDCE717F2996B80C00A16560 /* SuitMeasuresService.swift */,
			);
			path = Services;
			sourceTree = "<group>";
		};
		BDCE71AF2996BA3C00A16560 /* Model */ = {
			isa = PBXGroup;
			children = (
				BDCE71B02996BA7000A16560 /* SuitMeasuresDetails.swift */,
			);
			path = Model;
			sourceTree = "<group>";
		};
		BDCE71B22996BB1D00A16560 /* DashboardButtons */ = {
			isa = PBXGroup;
			children = (
				BDCE71B32996BB2A00A16560 /* Views */,
				BDB852DF2997C4AC00E82E34 /* DashboardButtons.swift */,
			);
			path = DashboardButtons;
			sourceTree = "<group>";
		};
		BDCE71B32996BB2A00A16560 /* Views */ = {
			isa = PBXGroup;
			children = (
				BDCE71B42996BB4F00A16560 /* TakeMeasuresView.swift */,
			);
			path = Views;
			sourceTree = "<group>";
		};
		BDCE71B62996BB8900A16560 /* Navigation */ = {
			isa = PBXGroup;
			children = (
				BDB852DE2997C32B00E82E34 /* topBar */,
				BDCE71E42996E6DD00A16560 /* BottomTabBar */,
				BDCE714F2996B46400A16560 /* ContentView.swift */,
				BDD15A1029A9638E00171A44 /* SearchView.swift */,
				BDD15A3129B8AEFE00171A44 /* TestFile.swift */,
			);
			path = Navigation;
			sourceTree = "<group>";
		};
		BDCE71B92996BC0700A16560 /* Customers */ = {
			isa = PBXGroup;
			children = (
				BDB8531029A3B7F400E82E34 /* CustomersInfo */,
				BDCE71DA2996C11E00A16560 /* CustMeasuresments */,
			);
			path = Customers;
			sourceTree = "<group>";
		};
		BDCE71BA2996BC1300A16560 /* Views */ = {
			isa = PBXGroup;
			children = (
				BDCE71BB2996BC2C00A16560 /* CustomerDetailsView.swift */,
			);
			path = Views;
			sourceTree = "<group>";
		};
		BDCE71BD2996BC8900A16560 /* service */ = {
			isa = PBXGroup;
			children = (
				BDCE71C22996BD4900A16560 /* CustomerInfoService.swift */,
			);
			path = service;
			sourceTree = "<group>";
		};
		BDCE71BE2996BCBF00A16560 /* ViewModel */ = {
			isa = PBXGroup;
			children = (
				BDCE71C02996BCEC00A16560 /* CustomerCreationViewModel.swift */,
			);
			path = ViewModel;
			sourceTree = "<group>";
		};
		BDCE71BF2996BCC900A16560 /* Model */ = {
			isa = PBXGroup;
			children = (
				BDCE71C42996BD7E00A16560 /* CustomersMeasurementsAndDetails.swift */,
			);
			path = Model;
			sourceTree = "<group>";
		};
		BDCE71C62996BE9100A16560 /* Helpers */ = {
			isa = PBXGroup;
			children = (
				BDD15A3E29BB06CF00171A44 /* modal */,
				BDCE71C92996BEEB00A16560 /* InputTextFieldView.swift */,
				BDCE71CB2996BF1000A16560 /* PreviewLayoutComponentModifier.swift */,
				BDCE71CD2996BF4000A16560 /* Styles.swift */,
				BDCE71CF2996BF5900A16560 /* PreferenceKeys.swift */,
				BDCE71D62996C03B00A16560 /* AnimatableFontModifier.swift */,
				BDB852E52999147000E82E34 /* InputPasswordFieldView.swift */,
				BDB852E729998C5A00E82E34 /* CloseModifier.swift */,
				BDBCF39429A6B6BB00184D51 /* Animations.swift */,
				BDD15A1E29AF790900171A44 /* DashboardSearchSugestion.swift */,
				BDD15A3A29BAECC000171A44 /* AngularButtonStyle.swift */,
				BDD15A3C29BAFA4900171A44 /* InputStyle.swift */,
				BDD15A4129BB54BA00171A44 /* +View.swift */,
				BDA2A89329BCAE3C007870A3 /* CircleView.swift */,
				BDA2A89529BCB0F7007870A3 /* DetailsSection.swift */,
			);
			path = Helpers;
			sourceTree = "<group>";
		};
		BDCE71D12996BF9E00A16560 /* ViewComponents */ = {
			isa = PBXGroup;
			children = (
				BDCE71C62996BE9100A16560 /* Helpers */,
				BDCE71D22996BFBF00A16560 /* ItemsDue.swift */,
				BDCE71D42996BFFB00A16560 /* ButtonView.swift */,
				BDCE71DE2996C1EF00A16560 /* MensComponent.swift */,
				BDBCF39229A576DD00184D51 /* BlobView.swift */,
			);
			path = ViewComponents;
			sourceTree = "<group>";
		};
		BDCE71DA2996C11E00A16560 /* CustMeasuresments */ = {
			isa = PBXGroup;
			children = (
				BDCE717B2996B75600A16560 /* ViewModel */,
				BDCE717E2996B7F300A16560 /* Services */,
				BDCE71AF2996BA3C00A16560 /* Model */,
				BDCE71DB2996C14B00A16560 /* Views */,
			);
			path = CustMeasuresments;
			sourceTree = "<group>";
		};
		BDCE71DB2996C14B00A16560 /* Views */ = {
			isa = PBXGroup;
			children = (
				BDCE71DC2996C15800A16560 /* MenSuitsMeasuresView.swift */,
			);
			path = Views;
			sourceTree = "<group>";
		};
		BDCE71E42996E6DD00A16560 /* BottomTabBar */ = {
			isa = PBXGroup;
			children = (
				BDCE71ED2996EB3900A16560 /* Model */,
				BDCE71E52996E6FE00A16560 /* TabBar.swift */,
			);
			path = BottomTabBar;
			sourceTree = "<group>";
		};
		BDCE71E72996E7AD00A16560 /* Profile */ = {
			isa = PBXGroup;
			children = (
				BDCE71E82996E7B500A16560 /* View */,
			);
			path = Profile;
			sourceTree = "<group>";
		};
		BDCE71E82996E7B500A16560 /* View */ = {
			isa = PBXGroup;
			children = (
				BDCE71E92996E7CA00A16560 /* ProfileView.swift */,
			);
			path = View;
			sourceTree = "<group>";
		};
		BDCE71ED2996EB3900A16560 /* Model */ = {
			isa = PBXGroup;
			children = (
				BDCE71EB2996EADA00A16560 /* Tab.swift */,
			);
			path = Model;
			sourceTree = "<group>";
		};
		BDD15A1229AEA8EC00171A44 /* MeasuresList */ = {
			isa = PBXGroup;
			children = (
				BDD15A2729B36C8500171A44 /* ViewModel */,
				BDD15A2B29B3FEC300171A44 /* Model */,
				BDD15A1329AEA8FB00171A44 /* View */,
			);
			path = MeasuresList;
			sourceTree = "<group>";
		};
		BDD15A1329AEA8FB00171A44 /* View */ = {
			isa = PBXGroup;
			children = (
				BDD15A1429AEA91E00171A44 /* CustomersMeasuresList.swift */,
				BDA2A89729BD3580007870A3 /* EmptyView.swift */,
			);
			path = View;
			sourceTree = "<group>";
		};
		BDD15A1629AF77BE00171A44 /* To-Dos */ = {
			isa = PBXGroup;
			children = (
				BDD15A1729AF77CB00171A44 /* view */,
				BDD15A1C29AF784D00171A44 /* CalendarItemView.swift */,
			);
			path = "To-Dos";
			sourceTree = "<group>";
		};
		BDD15A1729AF77CB00171A44 /* view */ = {
			isa = PBXGroup;
			children = (
				BDD15A1829AF77E400171A44 /* ToDoView.swift */,
			);
			path = view;
			sourceTree = "<group>";
		};
		BDD15A1A29AF781C00171A44 /* Calendar */ = {
			isa = PBXGroup;
			children = (
				BDD15A1B29AF782800171A44 /* View */,
			);
			path = Calendar;
			sourceTree = "<group>";
		};
		BDD15A1B29AF782800171A44 /* View */ = {
			isa = PBXGroup;
			children = (
			);
			path = View;
			sourceTree = "<group>";
		};
		BDD15A2129B29BBB00171A44 /* LaunchScreen */ = {
			isa = PBXGroup;
			children = (
				BDD15A2229B29BC600171A44 /* View */,
				BDD15A2529B2A35100171A44 /* LaunchScreenManager.swift */,
			);
			path = LaunchScreen;
			sourceTree = "<group>";
		};
		BDD15A2229B29BC600171A44 /* View */ = {
			isa = PBXGroup;
			children = (
				BDD15A2329B29BE500171A44 /* LaunchScreenView.swift */,
			);
			path = View;
			sourceTree = "<group>";
		};
		BDD15A2729B36C8500171A44 /* ViewModel */ = {
			isa = PBXGroup;
			children = (
				BDD15A2829B36C9000171A44 /* TailoredModel */,
			);
			path = ViewModel;
			sourceTree = "<group>";
		};
		BDD15A2829B36C9000171A44 /* TailoredModel */ = {
			isa = PBXGroup;
			children = (
				BDD15A2929B36CC600171A44 /* TailoredDataViewModel.swift */,
			);
			path = TailoredModel;
			sourceTree = "<group>";
		};
		BDD15A2B29B3FEC300171A44 /* Model */ = {
			isa = PBXGroup;
			children = (
				BDD15A2C29B3FF6200171A44 /* ClientDataList.swift */,
			);
			path = Model;
			sourceTree = "<group>";
		};
		BDD15A3329BA8B4700171A44 /* ItemsDueList */ = {
			isa = PBXGroup;
			children = (
				BDD15A3429BA8B7800171A44 /* ItemsDueListView.swift */,
			);
			path = ItemsDueList;
			sourceTree = "<group>";
		};
		BDD15A3E29BB06CF00171A44 /* modal */ = {
			isa = PBXGroup;
			children = (
				BDD15A0E29A9448900171A44 /* Model.swift */,
				BDD15A3F29BB071500171A44 /* ModalView.swift */,
			);
			path = modal;
			sourceTree = "<group>";
		};
/* End PBXGroup section */

/* Begin PBXNativeTarget section */
		BDCE71492996B46400A16560 /* Tailored */ = {
			isa = PBXNativeTarget;
			buildConfigurationList = BDCE716E2996B46700A16560 /* Build configuration list for PBXNativeTarget "Tailored" */;
			buildPhases = (
				089634DC967309EBFD050BC2 /* [CP] Check Pods Manifest.lock */,
				BDCE71462996B46400A16560 /* Sources */,
				BDCE71472996B46400A16560 /* Frameworks */,
				BDCE71482996B46400A16560 /* Resources */,
				BDD15A0D29A7A08B00171A44 /* ShellScript */,
				1DF28F2CC378F41C7DF9F7CF /* [CP] Embed Pods Frameworks */,
			);
			buildRules = (
			);
			dependencies = (
			);
			name = Tailored;
			packageProductDependencies = (
				BDCE71822996B87D00A16560 /* AlamofireImage */,
				BDCE71852996B93200A16560 /* FirebaseAnalytics */,
				BDCE71872996B93200A16560 /* FirebaseAnalyticsOnDeviceConversion */,
				BDCE71892996B93200A16560 /* FirebaseAnalyticsSwift */,
				BDCE718B2996B93200A16560 /* FirebaseAppCheck */,
				BDCE718D2996B93200A16560 /* FirebaseAuth */,
				BDCE718F2996B93200A16560 /* FirebaseAuthCombine-Community */,
				BDCE71912996B93200A16560 /* FirebaseCrashlytics */,
				BDCE71932996B93200A16560 /* FirebaseDatabase */,
				BDCE71952996B93200A16560 /* FirebaseDatabaseSwift */,
				BDCE71972996B93200A16560 /* FirebaseDynamicLinks */,
				BDCE71992996B93200A16560 /* FirebaseFirestore */,
				BDCE719B2996B93200A16560 /* FirebaseFirestoreCombine-Community */,
				BDCE719D2996B93200A16560 /* FirebaseFirestoreSwift */,
				BDCE719F2996B93200A16560 /* FirebaseFunctions */,
				BDCE71A12996B93200A16560 /* FirebaseInAppMessagingSwift-Beta */,
				BDCE71A32996B93200A16560 /* FirebaseInstallations */,
				BDCE71A52996B93300A16560 /* FirebaseMLModelDownloader */,
				BDCE71A72996B93300A16560 /* FirebaseMessaging */,
				BDCE71A92996B93300A16560 /* FirebasePerformance */,
				BDCE71AB2996B93300A16560 /* FirebaseStorage */,
				BDCE71AD2996B93300A16560 /* FirebaseStorageCombine-Community */,
			);
			productName = sastrer;
			productReference = BDCE714A2996B46400A16560 /* Tailored.app */;
			productType = "com.apple.product-type.application";
		};
		BDCE71592996B46700A16560 /* TailoredTests */ = {
			isa = PBXNativeTarget;
			buildConfigurationList = BDCE71712996B46700A16560 /* Build configuration list for PBXNativeTarget "TailoredTests" */;
			buildPhases = (
				950AC97EBF2C83B8B4050187 /* [CP] Check Pods Manifest.lock */,
				BDCE71562996B46700A16560 /* Sources */,
				BDCE71572996B46700A16560 /* Frameworks */,
				BDCE71582996B46700A16560 /* Resources */,
			);
			buildRules = (
			);
			dependencies = (
				BDCE715C2996B46700A16560 /* PBXTargetDependency */,
			);
			name = TailoredTests;
			productName = sastrerTests;
			productReference = BDCE715A2996B46700A16560 /* TailoredTests.xctest */;
			productType = "com.apple.product-type.bundle.unit-test";
		};
		BDCE71632996B46700A16560 /* TailoredUITests */ = {
			isa = PBXNativeTarget;
			buildConfigurationList = BDCE71742996B46700A16560 /* Build configuration list for PBXNativeTarget "TailoredUITests" */;
			buildPhases = (
				DB2BC72936F3A4C570DDFC54 /* [CP] Check Pods Manifest.lock */,
				BDCE71602996B46700A16560 /* Sources */,
				BDCE71612996B46700A16560 /* Frameworks */,
				BDCE71622996B46700A16560 /* Resources */,
				2119B9D6D5884011EAECBD8B /* [CP] Embed Pods Frameworks */,
			);
			buildRules = (
			);
			dependencies = (
				BDCE71662996B46700A16560 /* PBXTargetDependency */,
			);
			name = TailoredUITests;
			productName = sastrerUITests;
			productReference = BDCE71642996B46700A16560 /* TailoredUITests.xctest */;
			productType = "com.apple.product-type.bundle.ui-testing";
		};
/* End PBXNativeTarget section */

/* Begin PBXProject section */
		BDCE71422996B46400A16560 /* Project object */ = {
			isa = PBXProject;
			attributes = {
				BuildIndependentTargetsInParallel = 1;
				LastSwiftUpdateCheck = 1420;
				LastUpgradeCheck = 1420;
				TargetAttributes = {
					BDCE71492996B46400A16560 = {
						CreatedOnToolsVersion = 14.2;
					};
					BDCE71592996B46700A16560 = {
						CreatedOnToolsVersion = 14.2;
						TestTargetID = BDCE71492996B46400A16560;
					};
					BDCE71632996B46700A16560 = {
						CreatedOnToolsVersion = 14.2;
						TestTargetID = BDCE71492996B46400A16560;
					};
				};
			};
			buildConfigurationList = BDCE71452996B46400A16560 /* Build configuration list for PBXProject "Tailored" */;
			compatibilityVersion = "Xcode 14.0";
			developmentRegion = en;
			hasScannedForEncodings = 0;
			knownRegions = (
				en,
				Base,
			);
			mainGroup = BDCE71412996B46400A16560;
			packageReferences = (
				BDCE71812996B87D00A16560 /* XCRemoteSwiftPackageReference "AlamofireImage" */,
				BDCE71842996B93200A16560 /* XCRemoteSwiftPackageReference "firebase-ios-sdk" */,
			);
			productRefGroup = BDCE714B2996B46400A16560 /* Products */;
			projectDirPath = "";
			projectRoot = "";
			targets = (
				BDCE71492996B46400A16560 /* Tailored */,
				BDCE71592996B46700A16560 /* TailoredTests */,
				BDCE71632996B46700A16560 /* TailoredUITests */,
			);
		};
/* End PBXProject section */

/* Begin PBXResourcesBuildPhase section */
		BDCE71482996B46400A16560 /* Resources */ = {
			isa = PBXResourcesBuildPhase;
			buildActionMask = 2147483647;
			files = (
				BDCE71552996B46600A16560 /* Preview Assets.xcassets in Resources */,
				BDCE71522996B46600A16560 /* Assets.xcassets in Resources */,
				BDCE71E12996E1C700A16560 /* GoogleService-Info.plist in Resources */,
			);
			runOnlyForDeploymentPostprocessing = 0;
		};
		BDCE71582996B46700A16560 /* Resources */ = {
			isa = PBXResourcesBuildPhase;
			buildActionMask = 2147483647;
			files = (
				BDCE71E22996E1C700A16560 /* GoogleService-Info.plist in Resources */,
			);
			runOnlyForDeploymentPostprocessing = 0;
		};
		BDCE71622996B46700A16560 /* Resources */ = {
			isa = PBXResourcesBuildPhase;
			buildActionMask = 2147483647;
			files = (
				BDCE71E32996E1C700A16560 /* GoogleService-Info.plist in Resources */,
			);
			runOnlyForDeploymentPostprocessing = 0;
		};
/* End PBXResourcesBuildPhase section */

/* Begin PBXShellScriptBuildPhase section */
		089634DC967309EBFD050BC2 /* [CP] Check Pods Manifest.lock */ = {
			isa = PBXShellScriptBuildPhase;
			buildActionMask = 2147483647;
			files = (
			);
			inputFileListPaths = (
			);
			inputPaths = (
				"${PODS_PODFILE_DIR_PATH}/Podfile.lock",
				"${PODS_ROOT}/Manifest.lock",
			);
			name = "[CP] Check Pods Manifest.lock";
			outputFileListPaths = (
			);
			outputPaths = (
				"$(DERIVED_FILE_DIR)/Pods-Tailored-checkManifestLockResult.txt",
			);
			runOnlyForDeploymentPostprocessing = 0;
			shellPath = /bin/sh;
			shellScript = "diff \"${PODS_PODFILE_DIR_PATH}/Podfile.lock\" \"${PODS_ROOT}/Manifest.lock\" > /dev/null\nif [ $? != 0 ] ; then\n    # print error to STDERR\n    echo \"error: The sandbox is not in sync with the Podfile.lock. Run 'pod install' or update your CocoaPods installation.\" >&2\n    exit 1\nfi\n# This output is used by Xcode 'outputs' to avoid re-running this script phase.\necho \"SUCCESS\" > \"${SCRIPT_OUTPUT_FILE_0}\"\n";
			showEnvVarsInLog = 0;
		};
		1DF28F2CC378F41C7DF9F7CF /* [CP] Embed Pods Frameworks */ = {
			isa = PBXShellScriptBuildPhase;
			buildActionMask = 2147483647;
			files = (
			);
			inputFileListPaths = (
				"${PODS_ROOT}/Target Support Files/Pods-Tailored/Pods-Tailored-frameworks-${CONFIGURATION}-input-files.xcfilelist",
			);
			name = "[CP] Embed Pods Frameworks";
			outputFileListPaths = (
				"${PODS_ROOT}/Target Support Files/Pods-Tailored/Pods-Tailored-frameworks-${CONFIGURATION}-output-files.xcfilelist",
			);
			runOnlyForDeploymentPostprocessing = 0;
			shellPath = /bin/sh;
			shellScript = "\"${PODS_ROOT}/Target Support Files/Pods-Tailored/Pods-Tailored-frameworks.sh\"\n";
			showEnvVarsInLog = 0;
		};
		2119B9D6D5884011EAECBD8B /* [CP] Embed Pods Frameworks */ = {
			isa = PBXShellScriptBuildPhase;
			buildActionMask = 2147483647;
			files = (
			);
			inputFileListPaths = (
				"${PODS_ROOT}/Target Support Files/Pods-Tailored-TailoredUITests/Pods-Tailored-TailoredUITests-frameworks-${CONFIGURATION}-input-files.xcfilelist",
			);
			name = "[CP] Embed Pods Frameworks";
			outputFileListPaths = (
				"${PODS_ROOT}/Target Support Files/Pods-Tailored-TailoredUITests/Pods-Tailored-TailoredUITests-frameworks-${CONFIGURATION}-output-files.xcfilelist",
			);
			runOnlyForDeploymentPostprocessing = 0;
			shellPath = /bin/sh;
			shellScript = "\"${PODS_ROOT}/Target Support Files/Pods-Tailored-TailoredUITests/Pods-Tailored-TailoredUITests-frameworks.sh\"\n";
			showEnvVarsInLog = 0;
		};
		950AC97EBF2C83B8B4050187 /* [CP] Check Pods Manifest.lock */ = {
			isa = PBXShellScriptBuildPhase;
			buildActionMask = 2147483647;
			files = (
			);
			inputFileListPaths = (
			);
			inputPaths = (
				"${PODS_PODFILE_DIR_PATH}/Podfile.lock",
				"${PODS_ROOT}/Manifest.lock",
			);
			name = "[CP] Check Pods Manifest.lock";
			outputFileListPaths = (
			);
			outputPaths = (
				"$(DERIVED_FILE_DIR)/Pods-TailoredTests-checkManifestLockResult.txt",
			);
			runOnlyForDeploymentPostprocessing = 0;
			shellPath = /bin/sh;
			shellScript = "diff \"${PODS_PODFILE_DIR_PATH}/Podfile.lock\" \"${PODS_ROOT}/Manifest.lock\" > /dev/null\nif [ $? != 0 ] ; then\n    # print error to STDERR\n    echo \"error: The sandbox is not in sync with the Podfile.lock. Run 'pod install' or update your CocoaPods installation.\" >&2\n    exit 1\nfi\n# This output is used by Xcode 'outputs' to avoid re-running this script phase.\necho \"SUCCESS\" > \"${SCRIPT_OUTPUT_FILE_0}\"\n";
			showEnvVarsInLog = 0;
		};
		BDD15A0D29A7A08B00171A44 /* ShellScript */ = {
			isa = PBXShellScriptBuildPhase;
			buildActionMask = 2147483647;
			files = (
			);
			inputFileListPaths = (
			);
			inputPaths = (
				"${DWARF_DSYM_FOLDER_PATH}/${DWARF_DSYM_FILE_NAME}/Contents/Resources/DWARF/${TARGET_NAME}",
				"$(SRCROOT)/$(BUILT_PRODUCTS_DIR)/$(INFOPLIST_PATH)",
			);
			outputFileListPaths = (
			);
			outputPaths = (
			);
			runOnlyForDeploymentPostprocessing = 0;
			shellPath = /bin/sh;
			shellScript = "# Type a script or drag a script file from your workspace to insert its path.\n${BUILD_DIR%/Build/*}/SourcePackages/checkouts/firebase-ios-sdk/Crashlytics/run\n";
		};
		DB2BC72936F3A4C570DDFC54 /* [CP] Check Pods Manifest.lock */ = {
			isa = PBXShellScriptBuildPhase;
			buildActionMask = 2147483647;
			files = (
			);
			inputFileListPaths = (
			);
			inputPaths = (
				"${PODS_PODFILE_DIR_PATH}/Podfile.lock",
				"${PODS_ROOT}/Manifest.lock",
			);
			name = "[CP] Check Pods Manifest.lock";
			outputFileListPaths = (
			);
			outputPaths = (
				"$(DERIVED_FILE_DIR)/Pods-Tailored-TailoredUITests-checkManifestLockResult.txt",
			);
			runOnlyForDeploymentPostprocessing = 0;
			shellPath = /bin/sh;
			shellScript = "diff \"${PODS_PODFILE_DIR_PATH}/Podfile.lock\" \"${PODS_ROOT}/Manifest.lock\" > /dev/null\nif [ $? != 0 ] ; then\n    # print error to STDERR\n    echo \"error: The sandbox is not in sync with the Podfile.lock. Run 'pod install' or update your CocoaPods installation.\" >&2\n    exit 1\nfi\n# This output is used by Xcode 'outputs' to avoid re-running this script phase.\necho \"SUCCESS\" > \"${SCRIPT_OUTPUT_FILE_0}\"\n";
			showEnvVarsInLog = 0;
		};
/* End PBXShellScriptBuildPhase section */

/* Begin PBXSourcesBuildPhase section */
		BDCE71462996B46400A16560 /* Sources */ = {
			isa = PBXSourcesBuildPhase;
			buildActionMask = 2147483647;
			files = (
				BDD15A1529AEA91E00171A44 /* CustomersMeasuresList.swift in Sources */,
				BDA2A89629BCB0F7007870A3 /* DetailsSection.swift in Sources */,
				BDB852F029999FA400E82E34 /* ForgotPasswordView.swift in Sources */,
				BDB852F9299AE38C00E82E34 /* RegistrationViewModel.swift in Sources */,
				BDCE71B12996BA7000A16560 /* SuitMeasuresDetails.swift in Sources */,
				BDB85303299D02F100E82E34 /* LoginCredentials.swift in Sources */,
				BDD15A2429B29BE500171A44 /* LaunchScreenView.swift in Sources */,
				BDD15A1D29AF784D00171A44 /* CalendarItemView.swift in Sources */,
				BDB852E62999147000E82E34 /* InputPasswordFieldView.swift in Sources */,
				BDB852E829998C5B00E82E34 /* CloseModifier.swift in Sources */,
				BDB852FD299BB53900E82E34 /* SessionUserDetails.swift in Sources */,
				BDCE71BC2996BC2C00A16560 /* CustomerDetailsView.swift in Sources */,
				BDB8530F299ED53800E82E34 /* ForgotPasswordViewModel.swift in Sources */,
				BDB85309299D079B00E82E34 /* LoginViewModel.swift in Sources */,
				BDD15A1129A9638E00171A44 /* SearchView.swift in Sources */,
				BDCE71DF2996C1EF00A16560 /* MensComponent.swift in Sources */,
				BDCE71C32996BD4900A16560 /* CustomerInfoService.swift in Sources */,
				BDCE71CA2996BEEB00A16560 /* InputTextFieldView.swift in Sources */,
				BDCE717D2996B79A00A16560 /* SuitMeasuresViewModel.swift in Sources */,
				BDCE71DD2996C15800A16560 /* MenSuitsMeasuresView.swift in Sources */,
				BDA2A89829BD3580007870A3 /* EmptyView.swift in Sources */,
				BDB852F62999CD1200E82E34 /* RegistrationService.swift in Sources */,
				BDCE71EC2996EADA00A16560 /* Tab.swift in Sources */,
				BDCE71C12996BCEC00A16560 /* CustomerCreationViewModel.swift in Sources */,
				BDCE71CE2996BF4000A16560 /* Styles.swift in Sources */,
				BDD15A0F29A9448900171A44 /* Model.swift in Sources */,
				BDCE71B52996BB4F00A16560 /* TakeMeasuresView.swift in Sources */,
				BDCE71D72996C03B00A16560 /* AnimatableFontModifier.swift in Sources */,
				BDB85306299D033D00E82E34 /* LoginService.swift in Sources */,
				BDD15A3229B8AEFE00171A44 /* TestFile.swift in Sources */,
				BDCE71D52996BFFB00A16560 /* ButtonView.swift in Sources */,
				BDCE71D32996BFBF00A16560 /* ItemsDue.swift in Sources */,
				BDBCF39529A6B6BC00184D51 /* Animations.swift in Sources */,
				BDCE71B82996BBA200A16560 /* NagivationBar.swift in Sources */,
				BDCE717A2996B51C00A16560 /* HomeView.swift in Sources */,
				BDB852E02997C4AC00E82E34 /* DashboardButtons.swift in Sources */,
				BDD15A3729BAE86100171A44 /* AltLoginView.swift in Sources */,
				BDBCF39329A576DD00184D51 /* BlobView.swift in Sources */,
				BDCE71D02996BF5900A16560 /* PreferenceKeys.swift in Sources */,
				BDB85300299BB5D200E82E34 /* SessionService.swift in Sources */,
				BDD15A2A29B36CC600171A44 /* TailoredDataViewModel.swift in Sources */,
				BDB852F32999CC6C00E82E34 /* RegistrationDetails.swift in Sources */,
				BDD15A2629B2A35100171A44 /* LaunchScreenManager.swift in Sources */,
				BDCE71EA2996E7CA00A16560 /* ProfileView.swift in Sources */,
				BDD15A4229BB54BA00171A44 /* +View.swift in Sources */,
				BDB852EC29999CB000E82E34 /* RegisterView.swift in Sources */,
				BDA2A89429BCAE3C007870A3 /* CircleView.swift in Sources */,
				BDD15A1F29AF790900171A44 /* DashboardSearchSugestion.swift in Sources */,
				BDCE71802996B80C00A16560 /* SuitMeasuresService.swift in Sources */,
				BDCE71502996B46400A16560 /* ContentView.swift in Sources */,
				BDD15A3D29BAFA4A00171A44 /* InputStyle.swift in Sources */,
				BDD15A3929BAE8B600171A44 /* AltSignUpView.swift in Sources */,
				BDB852E4299912FE00E82E34 /* LoginView.swift in Sources */,
				BDCE71D92996C0AE00A16560 /* theView.swift in Sources */,
				BDD15A3529BA8B7800171A44 /* ItemsDueListView.swift in Sources */,
				BDB8530C299ED3FD00E82E34 /* ForgotPasswordService.swift in Sources */,
				BDCE714E2996B46400A16560 /* sastrerApp.swift in Sources */,
				BDCE71C52996BD7E00A16560 /* CustomersMeasurementsAndDetails.swift in Sources */,
				BDD15A4029BB071500171A44 /* ModalView.swift in Sources */,
				BDCE71CC2996BF1000A16560 /* PreviewLayoutComponentModifier.swift in Sources */,
				BDCE71E62996E6FE00A16560 /* TabBar.swift in Sources */,
				BDD15A2D29B3FF6200171A44 /* ClientDataList.swift in Sources */,
				BDD15A3B29BAECC000171A44 /* AngularButtonStyle.swift in Sources */,
				BDD15A1929AF77E400171A44 /* ToDoView.swift in Sources */,
			);
			runOnlyForDeploymentPostprocessing = 0;
		};
		BDCE71562996B46700A16560 /* Sources */ = {
			isa = PBXSourcesBuildPhase;
			buildActionMask = 2147483647;
			files = (
				BDCE715F2996B46700A16560 /* sastrerTests.swift in Sources */,
			);
			runOnlyForDeploymentPostprocessing = 0;
		};
		BDCE71602996B46700A16560 /* Sources */ = {
			isa = PBXSourcesBuildPhase;
			buildActionMask = 2147483647;
			files = (
				BDCE71692996B46700A16560 /* sastrerUITests.swift in Sources */,
				BDCE716B2996B46700A16560 /* sastrerUITestsLaunchTests.swift in Sources */,
			);
			runOnlyForDeploymentPostprocessing = 0;
		};
/* End PBXSourcesBuildPhase section */

/* Begin PBXTargetDependency section */
		BDCE715C2996B46700A16560 /* PBXTargetDependency */ = {
			isa = PBXTargetDependency;
			target = BDCE71492996B46400A16560 /* Tailored */;
			targetProxy = BDCE715B2996B46700A16560 /* PBXContainerItemProxy */;
		};
		BDCE71662996B46700A16560 /* PBXTargetDependency */ = {
			isa = PBXTargetDependency;
			target = BDCE71492996B46400A16560 /* Tailored */;
			targetProxy = BDCE71652996B46700A16560 /* PBXContainerItemProxy */;
		};
/* End PBXTargetDependency section */

/* Begin XCBuildConfiguration section */
		BDCE716C2996B46700A16560 /* Debug */ = {
			isa = XCBuildConfiguration;
			buildSettings = {
				ALWAYS_SEARCH_USER_PATHS = NO;
				CLANG_ANALYZER_NONNULL = YES;
				CLANG_ANALYZER_NUMBER_OBJECT_CONVERSION = YES_AGGRESSIVE;
				CLANG_CXX_LANGUAGE_STANDARD = "gnu++20";
				CLANG_ENABLE_MODULES = YES;
				CLANG_ENABLE_OBJC_ARC = YES;
				CLANG_ENABLE_OBJC_WEAK = YES;
				CLANG_WARN_BLOCK_CAPTURE_AUTORELEASING = YES;
				CLANG_WARN_BOOL_CONVERSION = YES;
				CLANG_WARN_COMMA = YES;
				CLANG_WARN_CONSTANT_CONVERSION = YES;
				CLANG_WARN_DEPRECATED_OBJC_IMPLEMENTATIONS = YES;
				CLANG_WARN_DIRECT_OBJC_ISA_USAGE = YES_ERROR;
				CLANG_WARN_DOCUMENTATION_COMMENTS = YES;
				CLANG_WARN_EMPTY_BODY = YES;
				CLANG_WARN_ENUM_CONVERSION = YES;
				CLANG_WARN_INFINITE_RECURSION = YES;
				CLANG_WARN_INT_CONVERSION = YES;
				CLANG_WARN_NON_LITERAL_NULL_CONVERSION = YES;
				CLANG_WARN_OBJC_IMPLICIT_RETAIN_SELF = YES;
				CLANG_WARN_OBJC_LITERAL_CONVERSION = YES;
				CLANG_WARN_OBJC_ROOT_CLASS = YES_ERROR;
				CLANG_WARN_QUOTED_INCLUDE_IN_FRAMEWORK_HEADER = YES;
				CLANG_WARN_RANGE_LOOP_ANALYSIS = YES;
				CLANG_WARN_STRICT_PROTOTYPES = YES;
				CLANG_WARN_SUSPICIOUS_MOVE = YES;
				CLANG_WARN_UNGUARDED_AVAILABILITY = YES_AGGRESSIVE;
				CLANG_WARN_UNREACHABLE_CODE = YES;
				CLANG_WARN__DUPLICATE_METHOD_MATCH = YES;
				COPY_PHASE_STRIP = NO;
				DEBUG_INFORMATION_FORMAT = dwarf;
				ENABLE_STRICT_OBJC_MSGSEND = YES;
				ENABLE_TESTABILITY = YES;
				GCC_C_LANGUAGE_STANDARD = gnu11;
				GCC_DYNAMIC_NO_PIC = NO;
				GCC_NO_COMMON_BLOCKS = YES;
				GCC_OPTIMIZATION_LEVEL = 0;
				GCC_PREPROCESSOR_DEFINITIONS = (
					"DEBUG=1",
					"$(inherited)",
				);
				GCC_WARN_64_TO_32_BIT_CONVERSION = YES;
				GCC_WARN_ABOUT_RETURN_TYPE = YES_ERROR;
				GCC_WARN_UNDECLARED_SELECTOR = YES;
				GCC_WARN_UNINITIALIZED_AUTOS = YES_AGGRESSIVE;
				GCC_WARN_UNUSED_FUNCTION = YES;
				GCC_WARN_UNUSED_VARIABLE = YES;
				IPHONEOS_DEPLOYMENT_TARGET = 16.2;
				MTL_ENABLE_DEBUG_INFO = INCLUDE_SOURCE;
				MTL_FAST_MATH = YES;
				ONLY_ACTIVE_ARCH = YES;
				SDKROOT = iphoneos;
				SWIFT_ACTIVE_COMPILATION_CONDITIONS = DEBUG;
				SWIFT_OPTIMIZATION_LEVEL = "-Onone";
			};
			name = Debug;
		};
		BDCE716D2996B46700A16560 /* Release */ = {
			isa = XCBuildConfiguration;
			buildSettings = {
				ALWAYS_SEARCH_USER_PATHS = NO;
				CLANG_ANALYZER_NONNULL = YES;
				CLANG_ANALYZER_NUMBER_OBJECT_CONVERSION = YES_AGGRESSIVE;
				CLANG_CXX_LANGUAGE_STANDARD = "gnu++20";
				CLANG_ENABLE_MODULES = YES;
				CLANG_ENABLE_OBJC_ARC = YES;
				CLANG_ENABLE_OBJC_WEAK = YES;
				CLANG_WARN_BLOCK_CAPTURE_AUTORELEASING = YES;
				CLANG_WARN_BOOL_CONVERSION = YES;
				CLANG_WARN_COMMA = YES;
				CLANG_WARN_CONSTANT_CONVERSION = YES;
				CLANG_WARN_DEPRECATED_OBJC_IMPLEMENTATIONS = YES;
				CLANG_WARN_DIRECT_OBJC_ISA_USAGE = YES_ERROR;
				CLANG_WARN_DOCUMENTATION_COMMENTS = YES;
				CLANG_WARN_EMPTY_BODY = YES;
				CLANG_WARN_ENUM_CONVERSION = YES;
				CLANG_WARN_INFINITE_RECURSION = YES;
				CLANG_WARN_INT_CONVERSION = YES;
				CLANG_WARN_NON_LITERAL_NULL_CONVERSION = YES;
				CLANG_WARN_OBJC_IMPLICIT_RETAIN_SELF = YES;
				CLANG_WARN_OBJC_LITERAL_CONVERSION = YES;
				CLANG_WARN_OBJC_ROOT_CLASS = YES_ERROR;
				CLANG_WARN_QUOTED_INCLUDE_IN_FRAMEWORK_HEADER = YES;
				CLANG_WARN_RANGE_LOOP_ANALYSIS = YES;
				CLANG_WARN_STRICT_PROTOTYPES = YES;
				CLANG_WARN_SUSPICIOUS_MOVE = YES;
				CLANG_WARN_UNGUARDED_AVAILABILITY = YES_AGGRESSIVE;
				CLANG_WARN_UNREACHABLE_CODE = YES;
				CLANG_WARN__DUPLICATE_METHOD_MATCH = YES;
				COPY_PHASE_STRIP = NO;
				DEBUG_INFORMATION_FORMAT = "dwarf-with-dsym";
				ENABLE_NS_ASSERTIONS = NO;
				ENABLE_STRICT_OBJC_MSGSEND = YES;
				GCC_C_LANGUAGE_STANDARD = gnu11;
				GCC_NO_COMMON_BLOCKS = YES;
				GCC_WARN_64_TO_32_BIT_CONVERSION = YES;
				GCC_WARN_ABOUT_RETURN_TYPE = YES_ERROR;
				GCC_WARN_UNDECLARED_SELECTOR = YES;
				GCC_WARN_UNINITIALIZED_AUTOS = YES_AGGRESSIVE;
				GCC_WARN_UNUSED_FUNCTION = YES;
				GCC_WARN_UNUSED_VARIABLE = YES;
				IPHONEOS_DEPLOYMENT_TARGET = 16.2;
				MTL_ENABLE_DEBUG_INFO = NO;
				MTL_FAST_MATH = YES;
				SDKROOT = iphoneos;
				SWIFT_COMPILATION_MODE = wholemodule;
				SWIFT_OPTIMIZATION_LEVEL = "-O";
				VALIDATE_PRODUCT = YES;
			};
			name = Release;
		};
		BDCE716F2996B46700A16560 /* Debug */ = {
			isa = XCBuildConfiguration;
			baseConfigurationReference = 81730B2CB1D9DFF780A40086 /* Pods-Tailored.debug.xcconfig */;
			buildSettings = {
				ASSETCATALOG_COMPILER_APPICON_NAME = AppIcon;
				ASSETCATALOG_COMPILER_GLOBAL_ACCENT_COLOR_NAME = AccentColor;
				ASSETCATALOG_COMPILER_INCLUDE_ALL_APPICON_ASSETS = YES;
				CODE_SIGN_STYLE = Automatic;
				CURRENT_PROJECT_VERSION = 1;
				DEBUG_INFORMATION_FORMAT = "dwarf-with-dsym";
				DEVELOPMENT_ASSET_PATHS = "\"sastrer/Preview Content\"";
				DEVELOPMENT_TEAM = CB6LLMVDFJ;
				ENABLE_PREVIEWS = YES;
				GENERATE_INFOPLIST_FILE = YES;
				INFOPLIST_FILE = "Tailored-Info.plist";
				INFOPLIST_KEY_CFBundleDisplayName = Tailored;
				INFOPLIST_KEY_UIApplicationSceneManifest_Generation = YES;
				INFOPLIST_KEY_UIApplicationSupportsIndirectInputEvents = YES;
				INFOPLIST_KEY_UISupportedInterfaceOrientations_iPad = "UIInterfaceOrientationPortrait UIInterfaceOrientationPortraitUpsideDown UIInterfaceOrientationLandscapeLeft UIInterfaceOrientationLandscapeRight";
				INFOPLIST_KEY_UISupportedInterfaceOrientations_iPhone = "UIInterfaceOrientationPortrait UIInterfaceOrientationLandscapeLeft UIInterfaceOrientationLandscapeRight";
				IPHONEOS_DEPLOYMENT_TARGET = 16.0;
				LD_RUNPATH_SEARCH_PATHS = (
					"$(inherited)",
					"@executable_path/Frameworks",
				);
				MARKETING_VERSION = 1.0;
				PRODUCT_BUNDLE_IDENTIFIER = com.yunsan22.sastrer;
				PRODUCT_NAME = "$(TARGET_NAME)";
				SWIFT_EMIT_LOC_STRINGS = YES;
				SWIFT_VERSION = 5.0;
				TARGETED_DEVICE_FAMILY = "1,2";
			};
			name = Debug;
		};
		BDCE71702996B46700A16560 /* Release */ = {
			isa = XCBuildConfiguration;
			baseConfigurationReference = 3D850CE3B50703EF20492F92 /* Pods-Tailored.release.xcconfig */;
			buildSettings = {
				ASSETCATALOG_COMPILER_APPICON_NAME = AppIcon;
				ASSETCATALOG_COMPILER_GLOBAL_ACCENT_COLOR_NAME = AccentColor;
				ASSETCATALOG_COMPILER_INCLUDE_ALL_APPICON_ASSETS = YES;
				CODE_SIGN_STYLE = Automatic;
				CURRENT_PROJECT_VERSION = 1;
				DEVELOPMENT_ASSET_PATHS = "\"sastrer/Preview Content\"";
				DEVELOPMENT_TEAM = CB6LLMVDFJ;
				ENABLE_PREVIEWS = YES;
				GENERATE_INFOPLIST_FILE = YES;
				INFOPLIST_FILE = "Tailored-Info.plist";
				INFOPLIST_KEY_CFBundleDisplayName = Tailored;
				INFOPLIST_KEY_UIApplicationSceneManifest_Generation = YES;
				INFOPLIST_KEY_UIApplicationSupportsIndirectInputEvents = YES;
				INFOPLIST_KEY_UISupportedInterfaceOrientations_iPad = "UIInterfaceOrientationPortrait UIInterfaceOrientationPortraitUpsideDown UIInterfaceOrientationLandscapeLeft UIInterfaceOrientationLandscapeRight";
				INFOPLIST_KEY_UISupportedInterfaceOrientations_iPhone = "UIInterfaceOrientationPortrait UIInterfaceOrientationLandscapeLeft UIInterfaceOrientationLandscapeRight";
				IPHONEOS_DEPLOYMENT_TARGET = 16.0;
				LD_RUNPATH_SEARCH_PATHS = (
					"$(inherited)",
					"@executable_path/Frameworks",
				);
				MARKETING_VERSION = 1.0;
				PRODUCT_BUNDLE_IDENTIFIER = com.yunsan22.sastrer;
				PRODUCT_NAME = "$(TARGET_NAME)";
				SWIFT_EMIT_LOC_STRINGS = YES;
				SWIFT_VERSION = 5.0;
				TARGETED_DEVICE_FAMILY = "1,2";
			};
			name = Release;
		};
		BDCE71722996B46700A16560 /* Debug */ = {
			isa = XCBuildConfiguration;
			baseConfigurationReference = 71ED193BB6FE1CFCF71B617E /* Pods-TailoredTests.debug.xcconfig */;
			buildSettings = {
				ALWAYS_EMBED_SWIFT_STANDARD_LIBRARIES = YES;
				BUNDLE_LOADER = "$(TEST_HOST)";
				CODE_SIGN_STYLE = Automatic;
				CURRENT_PROJECT_VERSION = 1;
				DEVELOPMENT_TEAM = CB6LLMVDFJ;
				GENERATE_INFOPLIST_FILE = YES;
				IPHONEOS_DEPLOYMENT_TARGET = 16.2;
				MARKETING_VERSION = 1.0;
				PRODUCT_BUNDLE_IDENTIFIER = com.yunsan22.sastrerTests;
				PRODUCT_NAME = "$(TARGET_NAME)";
				SWIFT_EMIT_LOC_STRINGS = NO;
				SWIFT_VERSION = 5.0;
				TARGETED_DEVICE_FAMILY = "1,2";
				TEST_HOST = "$(BUILT_PRODUCTS_DIR)/Tailored.app/$(BUNDLE_EXECUTABLE_FOLDER_PATH)/Tailored";
			};
			name = Debug;
		};
		BDCE71732996B46700A16560 /* Release */ = {
			isa = XCBuildConfiguration;
			baseConfigurationReference = 2DAB4E036419DF06FA479B38 /* Pods-TailoredTests.release.xcconfig */;
			buildSettings = {
				ALWAYS_EMBED_SWIFT_STANDARD_LIBRARIES = YES;
				BUNDLE_LOADER = "$(TEST_HOST)";
				CODE_SIGN_STYLE = Automatic;
				CURRENT_PROJECT_VERSION = 1;
				DEVELOPMENT_TEAM = CB6LLMVDFJ;
				GENERATE_INFOPLIST_FILE = YES;
				IPHONEOS_DEPLOYMENT_TARGET = 16.2;
				MARKETING_VERSION = 1.0;
				PRODUCT_BUNDLE_IDENTIFIER = com.yunsan22.sastrerTests;
				PRODUCT_NAME = "$(TARGET_NAME)";
				SWIFT_EMIT_LOC_STRINGS = NO;
				SWIFT_VERSION = 5.0;
				TARGETED_DEVICE_FAMILY = "1,2";
				TEST_HOST = "$(BUILT_PRODUCTS_DIR)/Tailored.app/$(BUNDLE_EXECUTABLE_FOLDER_PATH)/Tailored";
			};
			name = Release;
		};
		BDCE71752996B46700A16560 /* Debug */ = {
			isa = XCBuildConfiguration;
			baseConfigurationReference = 5F59C0B94450545C185DC9E1 /* Pods-Tailored-TailoredUITests.debug.xcconfig */;
			buildSettings = {
				ALWAYS_EMBED_SWIFT_STANDARD_LIBRARIES = YES;
				CODE_SIGN_STYLE = Automatic;
				CURRENT_PROJECT_VERSION = 1;
				DEVELOPMENT_TEAM = CB6LLMVDFJ;
				GENERATE_INFOPLIST_FILE = YES;
				MARKETING_VERSION = 1.0;
				PRODUCT_BUNDLE_IDENTIFIER = com.yunsan22.sastrerUITests;
				PRODUCT_NAME = "$(TARGET_NAME)";
				SWIFT_EMIT_LOC_STRINGS = NO;
				SWIFT_VERSION = 5.0;
				TARGETED_DEVICE_FAMILY = "1,2";
				TEST_TARGET_NAME = sastrer;
			};
			name = Debug;
		};
		BDCE71762996B46700A16560 /* Release */ = {
			isa = XCBuildConfiguration;
			baseConfigurationReference = D5E1AF77715032EF012428A5 /* Pods-Tailored-TailoredUITests.release.xcconfig */;
			buildSettings = {
				ALWAYS_EMBED_SWIFT_STANDARD_LIBRARIES = YES;
				CODE_SIGN_STYLE = Automatic;
				CURRENT_PROJECT_VERSION = 1;
				DEVELOPMENT_TEAM = CB6LLMVDFJ;
				GENERATE_INFOPLIST_FILE = YES;
				MARKETING_VERSION = 1.0;
				PRODUCT_BUNDLE_IDENTIFIER = com.yunsan22.sastrerUITests;
				PRODUCT_NAME = "$(TARGET_NAME)";
				SWIFT_EMIT_LOC_STRINGS = NO;
				SWIFT_VERSION = 5.0;
				TARGETED_DEVICE_FAMILY = "1,2";
				TEST_TARGET_NAME = sastrer;
			};
			name = Release;
		};
/* End XCBuildConfiguration section */

/* Begin XCConfigurationList section */
		BDCE71452996B46400A16560 /* Build configuration list for PBXProject "Tailored" */ = {
			isa = XCConfigurationList;
			buildConfigurations = (
				BDCE716C2996B46700A16560 /* Debug */,
				BDCE716D2996B46700A16560 /* Release */,
			);
			defaultConfigurationIsVisible = 0;
			defaultConfigurationName = Release;
		};
		BDCE716E2996B46700A16560 /* Build configuration list for PBXNativeTarget "Tailored" */ = {
			isa = XCConfigurationList;
			buildConfigurations = (
				BDCE716F2996B46700A16560 /* Debug */,
				BDCE71702996B46700A16560 /* Release */,
			);
			defaultConfigurationIsVisible = 0;
			defaultConfigurationName = Release;
		};
		BDCE71712996B46700A16560 /* Build configuration list for PBXNativeTarget "TailoredTests" */ = {
			isa = XCConfigurationList;
			buildConfigurations = (
				BDCE71722996B46700A16560 /* Debug */,
				BDCE71732996B46700A16560 /* Release */,
			);
			defaultConfigurationIsVisible = 0;
			defaultConfigurationName = Release;
		};
		BDCE71742996B46700A16560 /* Build configuration list for PBXNativeTarget "TailoredUITests" */ = {
			isa = XCConfigurationList;
			buildConfigurations = (
				BDCE71752996B46700A16560 /* Debug */,
				BDCE71762996B46700A16560 /* Release */,
			);
			defaultConfigurationIsVisible = 0;
			defaultConfigurationName = Release;
		};
/* End XCConfigurationList section */

/* Begin XCRemoteSwiftPackageReference section */
		BDCE71812996B87D00A16560 /* XCRemoteSwiftPackageReference "AlamofireImage" */ = {
			isa = XCRemoteSwiftPackageReference;
			repositoryURL = "https://github.com/Alamofire/AlamofireImage";
			requirement = {
				kind = upToNextMajorVersion;
				minimumVersion = 4.0.0;
			};
		};
		BDCE71842996B93200A16560 /* XCRemoteSwiftPackageReference "firebase-ios-sdk" */ = {
			isa = XCRemoteSwiftPackageReference;
			repositoryURL = "https://github.com/firebase/firebase-ios-sdk";
			requirement = {
				branch = master;
				kind = branch;
			};
		};
/* End XCRemoteSwiftPackageReference section */

/* Begin XCSwiftPackageProductDependency section */
		BDCE71822996B87D00A16560 /* AlamofireImage */ = {
			isa = XCSwiftPackageProductDependency;
			package = BDCE71812996B87D00A16560 /* XCRemoteSwiftPackageReference "AlamofireImage" */;
			productName = AlamofireImage;
		};
		BDCE71852996B93200A16560 /* FirebaseAnalytics */ = {
			isa = XCSwiftPackageProductDependency;
			package = BDCE71842996B93200A16560 /* XCRemoteSwiftPackageReference "firebase-ios-sdk" */;
			productName = FirebaseAnalytics;
		};
		BDCE71872996B93200A16560 /* FirebaseAnalyticsOnDeviceConversion */ = {
			isa = XCSwiftPackageProductDependency;
			package = BDCE71842996B93200A16560 /* XCRemoteSwiftPackageReference "firebase-ios-sdk" */;
			productName = FirebaseAnalyticsOnDeviceConversion;
		};
		BDCE71892996B93200A16560 /* FirebaseAnalyticsSwift */ = {
			isa = XCSwiftPackageProductDependency;
			package = BDCE71842996B93200A16560 /* XCRemoteSwiftPackageReference "firebase-ios-sdk" */;
			productName = FirebaseAnalyticsSwift;
		};
		BDCE718B2996B93200A16560 /* FirebaseAppCheck */ = {
			isa = XCSwiftPackageProductDependency;
			package = BDCE71842996B93200A16560 /* XCRemoteSwiftPackageReference "firebase-ios-sdk" */;
			productName = FirebaseAppCheck;
		};
		BDCE718D2996B93200A16560 /* FirebaseAuth */ = {
			isa = XCSwiftPackageProductDependency;
			package = BDCE71842996B93200A16560 /* XCRemoteSwiftPackageReference "firebase-ios-sdk" */;
			productName = FirebaseAuth;
		};
		BDCE718F2996B93200A16560 /* FirebaseAuthCombine-Community */ = {
			isa = XCSwiftPackageProductDependency;
			package = BDCE71842996B93200A16560 /* XCRemoteSwiftPackageReference "firebase-ios-sdk" */;
			productName = "FirebaseAuthCombine-Community";
		};
		BDCE71912996B93200A16560 /* FirebaseCrashlytics */ = {
			isa = XCSwiftPackageProductDependency;
			package = BDCE71842996B93200A16560 /* XCRemoteSwiftPackageReference "firebase-ios-sdk" */;
			productName = FirebaseCrashlytics;
		};
		BDCE71932996B93200A16560 /* FirebaseDatabase */ = {
			isa = XCSwiftPackageProductDependency;
			package = BDCE71842996B93200A16560 /* XCRemoteSwiftPackageReference "firebase-ios-sdk" */;
			productName = FirebaseDatabase;
		};
		BDCE71952996B93200A16560 /* FirebaseDatabaseSwift */ = {
			isa = XCSwiftPackageProductDependency;
			package = BDCE71842996B93200A16560 /* XCRemoteSwiftPackageReference "firebase-ios-sdk" */;
			productName = FirebaseDatabaseSwift;
		};
		BDCE71972996B93200A16560 /* FirebaseDynamicLinks */ = {
			isa = XCSwiftPackageProductDependency;
			package = BDCE71842996B93200A16560 /* XCRemoteSwiftPackageReference "firebase-ios-sdk" */;
			productName = FirebaseDynamicLinks;
		};
		BDCE71992996B93200A16560 /* FirebaseFirestore */ = {
			isa = XCSwiftPackageProductDependency;
			package = BDCE71842996B93200A16560 /* XCRemoteSwiftPackageReference "firebase-ios-sdk" */;
			productName = FirebaseFirestore;
		};
		BDCE719B2996B93200A16560 /* FirebaseFirestoreCombine-Community */ = {
			isa = XCSwiftPackageProductDependency;
			package = BDCE71842996B93200A16560 /* XCRemoteSwiftPackageReference "firebase-ios-sdk" */;
			productName = "FirebaseFirestoreCombine-Community";
		};
		BDCE719D2996B93200A16560 /* FirebaseFirestoreSwift */ = {
			isa = XCSwiftPackageProductDependency;
			package = BDCE71842996B93200A16560 /* XCRemoteSwiftPackageReference "firebase-ios-sdk" */;
			productName = FirebaseFirestoreSwift;
		};
		BDCE719F2996B93200A16560 /* FirebaseFunctions */ = {
			isa = XCSwiftPackageProductDependency;
			package = BDCE71842996B93200A16560 /* XCRemoteSwiftPackageReference "firebase-ios-sdk" */;
			productName = FirebaseFunctions;
		};
		BDCE71A12996B93200A16560 /* FirebaseInAppMessagingSwift-Beta */ = {
			isa = XCSwiftPackageProductDependency;
			package = BDCE71842996B93200A16560 /* XCRemoteSwiftPackageReference "firebase-ios-sdk" */;
			productName = "FirebaseInAppMessagingSwift-Beta";
		};
		BDCE71A32996B93200A16560 /* FirebaseInstallations */ = {
			isa = XCSwiftPackageProductDependency;
			package = BDCE71842996B93200A16560 /* XCRemoteSwiftPackageReference "firebase-ios-sdk" */;
			productName = FirebaseInstallations;
		};
		BDCE71A52996B93300A16560 /* FirebaseMLModelDownloader */ = {
			isa = XCSwiftPackageProductDependency;
			package = BDCE71842996B93200A16560 /* XCRemoteSwiftPackageReference "firebase-ios-sdk" */;
			productName = FirebaseMLModelDownloader;
		};
		BDCE71A72996B93300A16560 /* FirebaseMessaging */ = {
			isa = XCSwiftPackageProductDependency;
			package = BDCE71842996B93200A16560 /* XCRemoteSwiftPackageReference "firebase-ios-sdk" */;
			productName = FirebaseMessaging;
		};
		BDCE71A92996B93300A16560 /* FirebasePerformance */ = {
			isa = XCSwiftPackageProductDependency;
			package = BDCE71842996B93200A16560 /* XCRemoteSwiftPackageReference "firebase-ios-sdk" */;
			productName = FirebasePerformance;
		};
		BDCE71AB2996B93300A16560 /* FirebaseStorage */ = {
			isa = XCSwiftPackageProductDependency;
			package = BDCE71842996B93200A16560 /* XCRemoteSwiftPackageReference "firebase-ios-sdk" */;
			productName = FirebaseStorage;
		};
		BDCE71AD2996B93300A16560 /* FirebaseStorageCombine-Community */ = {
			isa = XCSwiftPackageProductDependency;
			package = BDCE71842996B93200A16560 /* XCRemoteSwiftPackageReference "firebase-ios-sdk" */;
			productName = "FirebaseStorageCombine-Community";
		};
/* End XCSwiftPackageProductDependency section */
	};
	rootObject = BDCE71422996B46400A16560 /* Project object */;
}
